
Microsoft Visual Studio Solution File, Format Version 12.00
# Visual Studio Version 17
VisualStudioVersion = 17.11.35222.181
MinimumVisualStudioVersion = 10.0.40219.1
Project("{9A19103F-16F7-4668-BE54-9A1E7A4F7556}") = "SumAdjacentEqualNumbers", "SumAdjacentEqualNumbers\SumAdjacentEqualNumbers.csproj", "{96AA4970-BA19-46E3-BD98-06979343D455}"
EndProject
Project("{9A19103F-16F7-4668-BE54-9A1E7A4F7556}") = "GaussTrick", "GaussTrick\GaussTrick.csproj", "{0F29D7CE-5A71-4AAA-9D52-58E733C474BB}"
EndProject
Project("{FAE04EC0-301F-11D3-BF4B-00C04F79EFBC}") = "MergingLists", "MergingLists\MergingLists.csproj", "{40CE8946-9059-4110-A4AE-A184A0FC4BBA}"
EndProject
Global
	GlobalSection(SolutionConfigurationPlatforms) = preSolution
		Debug|Any CPU = Debug|Any CPU
		Release|Any CPU = Release|Any CPU
	EndGlobalSection
	GlobalSection(ProjectConfigurationPlatforms) = postSolution
		{96AA4970-BA19-46E3-BD98-06979343D455}.Debug|Any CPU.ActiveCfg = Debug|Any CPU
		{96AA4970-BA19-46E3-BD98-06979343D455}.Debug|Any CPU.Build.0 = Debug|Any CPU
		{96AA4970-BA19-46E3-BD98-06979343D455}.Release|Any CPU.ActiveCfg = Release|Any CPU
		{96AA4970-BA19-46E3-BD98-06979343D455}.Release|Any CPU.Build.0 = Release|Any CPU
		{0F29D7CE-5A71-4AAA-9D52-58E733C474BB}.Debug|Any CPU.ActiveCfg = Debug|Any CPU
		{0F29D7CE-5A71-4AAA-9D52-58E733C474BB}.Debug|Any CPU.Build.0 = Debug|Any CPU
		{0F29D7CE-5A71-4AAA-9D52-58E733C474BB}.Release|Any CPU.ActiveCfg = Release|Any CPU
		{0F29D7CE-5A71-4AAA-9D52-58E733C474BB}.Release|Any CPU.Build.0 = Release|Any CPU
		{40CE8946-9059-4110-A4AE-A184A0FC4BBA}.Debug|Any CPU.ActiveCfg = Debug|Any CPU
		{40CE8946-9059-4110-A4AE-A184A0FC4BBA}.Debug|Any CPU.Build.0 = Debug|Any CPU
		{40CE8946-9059-4110-A4AE-A184A0FC4BBA}.Release|Any CPU.ActiveCfg = Release|Any CPU
		{40CE8946-9059-4110-A4AE-A184A0FC4BBA}.Release|Any CPU.Build.0 = Release|Any CPU
	EndGlobalSection
	GlobalSection(SolutionProperties) = preSolution
		HideSolutionNode = FALSE
	EndGlobalSection
	GlobalSection(ExtensibilityGlobals) = postSolution
		SolutionGuid = {0635B351-AB81-4792-902D-6955AB61EED4}
	EndGlobalSection
EndGlobal
