
Microsoft Visual Studio Solution File, Format Version 12.00
# Visual Studio Version 17
VisualStudioVersion = 17.11.35222.181
MinimumVisualStudioVersion = 10.0.40219.1
Project("{FAE04EC0-301F-11D3-BF4B-00C04F79EFBC}") = "PrintingTriangle", "PrintingTriangle\PrintingTriangle.csproj", "{1F71907F-A98C-46D1-B11B-DD2D6C763C5F}"
EndProject
Project("{FAE04EC0-301F-11D3-BF4B-00C04F79EFBC}") = "FahrenheitToCelsius", "FahrenheitToCelsius\FahrenheitToCelsius.csproj", "{286F534A-6B1D-4644-BD0F-01029518B355}"
EndProject
Global
	GlobalSection(SolutionConfigurationPlatforms) = preSolution
		Debug|Any CPU = Debug|Any CPU
		Release|Any CPU = Release|Any CPU
	EndGlobalSection
	GlobalSection(ProjectConfigurationPlatforms) = postSolution
		{1F71907F-A98C-46D1-B11B-DD2D6C763C5F}.Debug|Any CPU.ActiveCfg = Debug|Any CPU
		{1F71907F-A98C-46D1-B11B-DD2D6C763C5F}.Debug|Any CPU.Build.0 = Debug|Any CPU
		{1F71907F-A98C-46D1-B11B-DD2D6C763C5F}.Release|Any CPU.ActiveCfg = Release|Any CPU
		{1F71907F-A98C-46D1-B11B-DD2D6C763C5F}.Release|Any CPU.Build.0 = Release|Any CPU
		{286F534A-6B1D-4644-BD0F-01029518B355}.Debug|Any CPU.ActiveCfg = Debug|Any CPU
		{286F534A-6B1D-4644-BD0F-01029518B355}.Debug|Any CPU.Build.0 = Debug|Any CPU
		{286F534A-6B1D-4644-BD0F-01029518B355}.Release|Any CPU.ActiveCfg = Release|Any CPU
		{286F534A-6B1D-4644-BD0F-01029518B355}.Release|Any CPU.Build.0 = Release|Any CPU
	EndGlobalSection
	GlobalSection(SolutionProperties) = preSolution
		HideSolutionNode = FALSE
	EndGlobalSection
	GlobalSection(ExtensibilityGlobals) = postSolution
		SolutionGuid = {F62D54FA-1956-49B9-92AE-9796C9F74505}
	EndGlobalSection
EndGlobal
