
Microsoft Visual Studio Solution File, Format Version 12.00
# Visual Studio Version 17
VisualStudioVersion = 17.6.33829.357
MinimumVisualStudioVersion = 10.0.40219.1
Project("{9A19103F-16F7-4668-BE54-9A1E7A4F7556}") = "SmallestOfThreeNumbers", "SmallestOfThreeNumbers\SmallestOfThreeNumbers.csproj", "{A1655F77-50D0-41BA-9402-21B4ECE0D99D}"
EndProject
Project("{9A19103F-16F7-4668-BE54-9A1E7A4F7556}") = "Demo", "Demo\Demo.csproj", "{B43D9B65-CD08-4041-AE90-8E63E11BA213}"
EndProject
Project("{FAE04EC0-301F-11D3-BF4B-00C04F79EFBC}") = "VowelsCount", "VowelsCount\VowelsCount.csproj", "{93ECEE5D-D417-44FB-87C6-F5F41700154A}"
EndProject
Global
	GlobalSection(SolutionConfigurationPlatforms) = preSolution
		Debug|Any CPU = Debug|Any CPU
		Release|Any CPU = Release|Any CPU
	EndGlobalSection
	GlobalSection(ProjectConfigurationPlatforms) = postSolution
		{A1655F77-50D0-41BA-9402-21B4ECE0D99D}.Debug|Any CPU.ActiveCfg = Debug|Any CPU
		{A1655F77-50D0-41BA-9402-21B4ECE0D99D}.Debug|Any CPU.Build.0 = Debug|Any CPU
		{A1655F77-50D0-41BA-9402-21B4ECE0D99D}.Release|Any CPU.ActiveCfg = Release|Any CPU
		{A1655F77-50D0-41BA-9402-21B4ECE0D99D}.Release|Any CPU.Build.0 = Release|Any CPU
		{B43D9B65-CD08-4041-AE90-8E63E11BA213}.Debug|Any CPU.ActiveCfg = Debug|Any CPU
		{B43D9B65-CD08-4041-AE90-8E63E11BA213}.Debug|Any CPU.Build.0 = Debug|Any CPU
		{B43D9B65-CD08-4041-AE90-8E63E11BA213}.Release|Any CPU.ActiveCfg = Release|Any CPU
		{B43D9B65-CD08-4041-AE90-8E63E11BA213}.Release|Any CPU.Build.0 = Release|Any CPU
		{93ECEE5D-D417-44FB-87C6-F5F41700154A}.Debug|Any CPU.ActiveCfg = Debug|Any CPU
		{93ECEE5D-D417-44FB-87C6-F5F41700154A}.Debug|Any CPU.Build.0 = Debug|Any CPU
		{93ECEE5D-D417-44FB-87C6-F5F41700154A}.Release|Any CPU.ActiveCfg = Release|Any CPU
		{93ECEE5D-D417-44FB-87C6-F5F41700154A}.Release|Any CPU.Build.0 = Release|Any CPU
	EndGlobalSection
	GlobalSection(SolutionProperties) = preSolution
		HideSolutionNode = FALSE
	EndGlobalSection
	GlobalSection(ExtensibilityGlobals) = postSolution
		SolutionGuid = {8879831A-A752-4BFA-ACB3-B6D53CD9F4C2}
	EndGlobalSection
EndGlobal
