
Microsoft Visual Studio Solution File, Format Version 12.00
# Visual Studio Version 17
VisualStudioVersion = 17.12.35707.178
MinimumVisualStudioVersion = 10.0.40219.1
Project("{FAE04EC0-301F-11D3-BF4B-00C04F79EFBC}") = "ValidUsernames", "ValidUsernames\ValidUsernames.csproj", "{F14798E1-D722-4DE4-A9A0-945115D1770B}"
EndProject
Project("{FAE04EC0-301F-11D3-BF4B-00C04F79EFBC}") = "CharacterMultiplier", "CharacterMultiplier\CharacterMultiplier.csproj", "{B5A426D8-7DE6-4B60-9A79-0848AFF4F79B}"
EndProject
Project("{FAE04EC0-301F-11D3-BF4B-00C04F79EFBC}") = "ExtractFile", "ExtractFile\ExtractFile.csproj", "{07E8DD61-FEBB-445E-A736-6113AE26A0D1}"
EndProject
Project("{FAE04EC0-301F-11D3-BF4B-00C04F79EFBC}") = "CaesarCipher", "CaesarCipher\CaesarCipher.csproj", "{976AC55D-8CA0-49AC-82F9-75EADB8A3644}"
EndProject
Global
	GlobalSection(SolutionConfigurationPlatforms) = preSolution
		Debug|Any CPU = Debug|Any CPU
		Release|Any CPU = Release|Any CPU
	EndGlobalSection
	GlobalSection(ProjectConfigurationPlatforms) = postSolution
		{F14798E1-D722-4DE4-A9A0-945115D1770B}.Debug|Any CPU.ActiveCfg = Debug|Any CPU
		{F14798E1-D722-4DE4-A9A0-945115D1770B}.Debug|Any CPU.Build.0 = Debug|Any CPU
		{F14798E1-D722-4DE4-A9A0-945115D1770B}.Release|Any CPU.ActiveCfg = Release|Any CPU
		{F14798E1-D722-4DE4-A9A0-945115D1770B}.Release|Any CPU.Build.0 = Release|Any CPU
		{B5A426D8-7DE6-4B60-9A79-0848AFF4F79B}.Debug|Any CPU.ActiveCfg = Debug|Any CPU
		{B5A426D8-7DE6-4B60-9A79-0848AFF4F79B}.Debug|Any CPU.Build.0 = Debug|Any CPU
		{B5A426D8-7DE6-4B60-9A79-0848AFF4F79B}.Release|Any CPU.ActiveCfg = Release|Any CPU
		{B5A426D8-7DE6-4B60-9A79-0848AFF4F79B}.Release|Any CPU.Build.0 = Release|Any CPU
		{07E8DD61-FEBB-445E-A736-6113AE26A0D1}.Debug|Any CPU.ActiveCfg = Debug|Any CPU
		{07E8DD61-FEBB-445E-A736-6113AE26A0D1}.Debug|Any CPU.Build.0 = Debug|Any CPU
		{07E8DD61-FEBB-445E-A736-6113AE26A0D1}.Release|Any CPU.ActiveCfg = Release|Any CPU
		{07E8DD61-FEBB-445E-A736-6113AE26A0D1}.Release|Any CPU.Build.0 = Release|Any CPU
		{976AC55D-8CA0-49AC-82F9-75EADB8A3644}.Debug|Any CPU.ActiveCfg = Debug|Any CPU
		{976AC55D-8CA0-49AC-82F9-75EADB8A3644}.Debug|Any CPU.Build.0 = Debug|Any CPU
		{976AC55D-8CA0-49AC-82F9-75EADB8A3644}.Release|Any CPU.ActiveCfg = Release|Any CPU
		{976AC55D-8CA0-49AC-82F9-75EADB8A3644}.Release|Any CPU.Build.0 = Release|Any CPU
	EndGlobalSection
	GlobalSection(SolutionProperties) = preSolution
		HideSolutionNode = FALSE
	EndGlobalSection
EndGlobal
