
Microsoft Visual Studio Solution File, Format Version 12.00
# Visual Studio Version 17
VisualStudioVersion = 17.6.33801.468
MinimumVisualStudioVersion = 10.0.40219.1
Project("{9A19103F-16F7-4668-BE54-9A1E7A4F7556}") = "00. Demos", "00. Demos\00. Demos.csproj", "{A1637E40-1796-431E-8CBC-BE18CA2FBF9A}"
EndProject
Project("{FAE04EC0-301F-11D3-BF4B-00C04F79EFBC}") = "00.Demos - Calculate Time", "00.Demos - Calculate Time\00.Demos - Calculate Time.csproj", "{79170DD5-46C6-4C1C-8756-D1E6E3A47AD0}"
EndProject
Project("{FAE04EC0-301F-11D3-BF4B-00C04F79EFBC}") = "00. Demos - Game", "00. Demos - Game\00. Demos - Game.csproj", "{8D24606A-1059-4B1D-B27D-9CDCFE904317}"
EndProject
Project("{FAE04EC0-301F-11D3-BF4B-00C04F79EFBC}") = "MovingStar", "MovingStar\MovingStar.csproj", "{DD3488BE-EA84-4BF7-87AF-4BF6AE0089C8}"
EndProject
Global
	GlobalSection(SolutionConfigurationPlatforms) = preSolution
		Debug|Any CPU = Debug|Any CPU
		Release|Any CPU = Release|Any CPU
	EndGlobalSection
	GlobalSection(ProjectConfigurationPlatforms) = postSolution
		{A1637E40-1796-431E-8CBC-BE18CA2FBF9A}.Debug|Any CPU.ActiveCfg = Debug|Any CPU
		{A1637E40-1796-431E-8CBC-BE18CA2FBF9A}.Debug|Any CPU.Build.0 = Debug|Any CPU
		{A1637E40-1796-431E-8CBC-BE18CA2FBF9A}.Release|Any CPU.ActiveCfg = Release|Any CPU
		{A1637E40-1796-431E-8CBC-BE18CA2FBF9A}.Release|Any CPU.Build.0 = Release|Any CPU
		{79170DD5-46C6-4C1C-8756-D1E6E3A47AD0}.Debug|Any CPU.ActiveCfg = Debug|Any CPU
		{79170DD5-46C6-4C1C-8756-D1E6E3A47AD0}.Debug|Any CPU.Build.0 = Debug|Any CPU
		{79170DD5-46C6-4C1C-8756-D1E6E3A47AD0}.Release|Any CPU.ActiveCfg = Release|Any CPU
		{79170DD5-46C6-4C1C-8756-D1E6E3A47AD0}.Release|Any CPU.Build.0 = Release|Any CPU
		{8D24606A-1059-4B1D-B27D-9CDCFE904317}.Debug|Any CPU.ActiveCfg = Debug|Any CPU
		{8D24606A-1059-4B1D-B27D-9CDCFE904317}.Debug|Any CPU.Build.0 = Debug|Any CPU
		{8D24606A-1059-4B1D-B27D-9CDCFE904317}.Release|Any CPU.ActiveCfg = Release|Any CPU
		{8D24606A-1059-4B1D-B27D-9CDCFE904317}.Release|Any CPU.Build.0 = Release|Any CPU
		{DD3488BE-EA84-4BF7-87AF-4BF6AE0089C8}.Debug|Any CPU.ActiveCfg = Debug|Any CPU
		{DD3488BE-EA84-4BF7-87AF-4BF6AE0089C8}.Debug|Any CPU.Build.0 = Debug|Any CPU
		{DD3488BE-EA84-4BF7-87AF-4BF6AE0089C8}.Release|Any CPU.ActiveCfg = Release|Any CPU
		{DD3488BE-EA84-4BF7-87AF-4BF6AE0089C8}.Release|Any CPU.Build.0 = Release|Any CPU
	EndGlobalSection
	GlobalSection(SolutionProperties) = preSolution
		HideSolutionNode = FALSE
	EndGlobalSection
	GlobalSection(ExtensibilityGlobals) = postSolution
		SolutionGuid = {CD8FFCC6-A924-4C35-85D8-2ED2519DE28A}
	EndGlobalSection
EndGlobal
