
Microsoft Visual Studio Solution File, Format Version 12.00
# Visual Studio Version 17
VisualStudioVersion = 17.6.33829.357
MinimumVisualStudioVersion = 10.0.40219.1
Project("{FAE04EC0-301F-11D3-BF4B-00C04F79EFBC}") = "StupidPasswordGenerator", "StupidPasswordGenerator\StupidPasswordGenerator.csproj", "{DF8B7F88-A6D4-4D3B-AE35-B09794BEFDE1}"
EndProject
Project("{FAE04EC0-301F-11D3-BF4B-00C04F79EFBC}") = "MagicCombination", "MagicCombination\MagicCombination.csproj", "{542E4A66-8764-42A5-8D24-D954BDE6D9D3}"
EndProject
Project("{FAE04EC0-301F-11D3-BF4B-00C04F79EFBC}") = "StopNumber", "StopNumber\StopNumber.csproj", "{8CDA74F4-360F-4BED-B76E-7B1194B09ECD}"
EndProject
Project("{FAE04EC0-301F-11D3-BF4B-00C04F79EFBC}") = "SpecialNumbers", "SpecialNumbers\SpecialNumbers.csproj", "{B41C033B-B78A-4846-AC1B-934BD26C1E69}"
EndProject
Project("{FAE04EC0-301F-11D3-BF4B-00C04F79EFBC}") = "Digits", "Digits\Digits.csproj", "{8BFA60BE-2FBF-4757-956D-125BF99DDF47}"
EndProject
Global
	GlobalSection(SolutionConfigurationPlatforms) = preSolution
		Debug|Any CPU = Debug|Any CPU
		Release|Any CPU = Release|Any CPU
	EndGlobalSection
	GlobalSection(ProjectConfigurationPlatforms) = postSolution
		{DF8B7F88-A6D4-4D3B-AE35-B09794BEFDE1}.Debug|Any CPU.ActiveCfg = Debug|Any CPU
		{DF8B7F88-A6D4-4D3B-AE35-B09794BEFDE1}.Debug|Any CPU.Build.0 = Debug|Any CPU
		{DF8B7F88-A6D4-4D3B-AE35-B09794BEFDE1}.Release|Any CPU.ActiveCfg = Release|Any CPU
		{DF8B7F88-A6D4-4D3B-AE35-B09794BEFDE1}.Release|Any CPU.Build.0 = Release|Any CPU
		{542E4A66-8764-42A5-8D24-D954BDE6D9D3}.Debug|Any CPU.ActiveCfg = Debug|Any CPU
		{542E4A66-8764-42A5-8D24-D954BDE6D9D3}.Debug|Any CPU.Build.0 = Debug|Any CPU
		{542E4A66-8764-42A5-8D24-D954BDE6D9D3}.Release|Any CPU.ActiveCfg = Release|Any CPU
		{542E4A66-8764-42A5-8D24-D954BDE6D9D3}.Release|Any CPU.Build.0 = Release|Any CPU
		{8CDA74F4-360F-4BED-B76E-7B1194B09ECD}.Debug|Any CPU.ActiveCfg = Debug|Any CPU
		{8CDA74F4-360F-4BED-B76E-7B1194B09ECD}.Debug|Any CPU.Build.0 = Debug|Any CPU
		{8CDA74F4-360F-4BED-B76E-7B1194B09ECD}.Release|Any CPU.ActiveCfg = Release|Any CPU
		{8CDA74F4-360F-4BED-B76E-7B1194B09ECD}.Release|Any CPU.Build.0 = Release|Any CPU
		{B41C033B-B78A-4846-AC1B-934BD26C1E69}.Debug|Any CPU.ActiveCfg = Debug|Any CPU
		{B41C033B-B78A-4846-AC1B-934BD26C1E69}.Debug|Any CPU.Build.0 = Debug|Any CPU
		{B41C033B-B78A-4846-AC1B-934BD26C1E69}.Release|Any CPU.ActiveCfg = Release|Any CPU
		{B41C033B-B78A-4846-AC1B-934BD26C1E69}.Release|Any CPU.Build.0 = Release|Any CPU
		{8BFA60BE-2FBF-4757-956D-125BF99DDF47}.Debug|Any CPU.ActiveCfg = Debug|Any CPU
		{8BFA60BE-2FBF-4757-956D-125BF99DDF47}.Debug|Any CPU.Build.0 = Debug|Any CPU
		{8BFA60BE-2FBF-4757-956D-125BF99DDF47}.Release|Any CPU.ActiveCfg = Release|Any CPU
		{8BFA60BE-2FBF-4757-956D-125BF99DDF47}.Release|Any CPU.Build.0 = Release|Any CPU
	EndGlobalSection
	GlobalSection(SolutionProperties) = preSolution
		HideSolutionNode = FALSE
	EndGlobalSection
	GlobalSection(ExtensibilityGlobals) = postSolution
		SolutionGuid = {496E62C1-AC99-4443-9671-586610BD4EDD}
	EndGlobalSection
EndGlobal
