
Microsoft Visual Studio Solution File, Format Version 12.00
# Visual Studio Version 17
VisualStudioVersion = 17.6.33801.468
MinimumVisualStudioVersion = 10.0.40219.1
Project("{FAE04EC0-301F-11D3-BF4B-00C04F79EFBC}") = "CalculatingArea", "CalculatingArea\CalculatingArea.csproj", "{5D7EF758-01F3-4C07-9879-1FB55E63811C}"
EndProject
Project("{FAE04EC0-301F-11D3-BF4B-00C04F79EFBC}") = "JustSnake", "JustSnake\JustSnake.csproj", "{0F7B8EE3-EF61-40F7-A452-964AFEEE1D42}"
EndProject
Project("{FAE04EC0-301F-11D3-BF4B-00C04F79EFBC}") = "PrintingLetter", "PrintingLetter\PrintingLetter.csproj", "{DAEF50C2-5BFD-4229-BCE8-B553FE4F0297}"
EndProject
Global
	GlobalSection(SolutionConfigurationPlatforms) = preSolution
		Debug|Any CPU = Debug|Any CPU
		Release|Any CPU = Release|Any CPU
	EndGlobalSection
	GlobalSection(ProjectConfigurationPlatforms) = postSolution
		{5D7EF758-01F3-4C07-9879-1FB55E63811C}.Debug|Any CPU.ActiveCfg = Debug|Any CPU
		{5D7EF758-01F3-4C07-9879-1FB55E63811C}.Debug|Any CPU.Build.0 = Debug|Any CPU
		{5D7EF758-01F3-4C07-9879-1FB55E63811C}.Release|Any CPU.ActiveCfg = Release|Any CPU
		{5D7EF758-01F3-4C07-9879-1FB55E63811C}.Release|Any CPU.Build.0 = Release|Any CPU
		{0F7B8EE3-EF61-40F7-A452-964AFEEE1D42}.Debug|Any CPU.ActiveCfg = Debug|Any CPU
		{0F7B8EE3-EF61-40F7-A452-964AFEEE1D42}.Debug|Any CPU.Build.0 = Debug|Any CPU
		{0F7B8EE3-EF61-40F7-A452-964AFEEE1D42}.Release|Any CPU.ActiveCfg = Release|Any CPU
		{0F7B8EE3-EF61-40F7-A452-964AFEEE1D42}.Release|Any CPU.Build.0 = Release|Any CPU
		{DAEF50C2-5BFD-4229-BCE8-B553FE4F0297}.Debug|Any CPU.ActiveCfg = Debug|Any CPU
		{DAEF50C2-5BFD-4229-BCE8-B553FE4F0297}.Debug|Any CPU.Build.0 = Debug|Any CPU
		{DAEF50C2-5BFD-4229-BCE8-B553FE4F0297}.Release|Any CPU.ActiveCfg = Release|Any CPU
		{DAEF50C2-5BFD-4229-BCE8-B553FE4F0297}.Release|Any CPU.Build.0 = Release|Any CPU
	EndGlobalSection
	GlobalSection(SolutionProperties) = preSolution
		HideSolutionNode = FALSE
	EndGlobalSection
	GlobalSection(ExtensibilityGlobals) = postSolution
		SolutionGuid = {2D4CFA01-E4AF-4F98-8B23-2C8BAC7553C9}
	EndGlobalSection
EndGlobal
