
Microsoft Visual Studio Solution File, Format Version 12.00
# Visual Studio Version 17
VisualStudioVersion = 17.12.35707.178
MinimumVisualStudioVersion = 10.0.40219.1
Project("{FAE04EC0-301F-11D3-BF4B-00C04F79EFBC}") = "MatchFullName", "MatchFullName\MatchFullName.csproj", "{98DFF965-E04D-49E0-832B-58422E0D9B38}"
EndProject
Project("{FAE04EC0-301F-11D3-BF4B-00C04F79EFBC}") = "MatchPhoneNumber", "MatchPhoneNumber\MatchPhoneNumber.csproj", "{96E887C6-1C35-4396-A50C-0D39FA0D26FD}"
EndProject
Project("{FAE04EC0-301F-11D3-BF4B-00C04F79EFBC}") = "MatchDates", "MatchDates\MatchDates.csproj", "{93BB2977-9B42-4FF7-B4BB-399E487F0203}"
EndProject
Global
	GlobalSection(SolutionConfigurationPlatforms) = preSolution
		Debug|Any CPU = Debug|Any CPU
		Release|Any CPU = Release|Any CPU
	EndGlobalSection
	GlobalSection(ProjectConfigurationPlatforms) = postSolution
		{98DFF965-E04D-49E0-832B-58422E0D9B38}.Debug|Any CPU.ActiveCfg = Debug|Any CPU
		{98DFF965-E04D-49E0-832B-58422E0D9B38}.Debug|Any CPU.Build.0 = Debug|Any CPU
		{98DFF965-E04D-49E0-832B-58422E0D9B38}.Release|Any CPU.ActiveCfg = Release|Any CPU
		{98DFF965-E04D-49E0-832B-58422E0D9B38}.Release|Any CPU.Build.0 = Release|Any CPU
		{96E887C6-1C35-4396-A50C-0D39FA0D26FD}.Debug|Any CPU.ActiveCfg = Debug|Any CPU
		{96E887C6-1C35-4396-A50C-0D39FA0D26FD}.Debug|Any CPU.Build.0 = Debug|Any CPU
		{96E887C6-1C35-4396-A50C-0D39FA0D26FD}.Release|Any CPU.ActiveCfg = Release|Any CPU
		{96E887C6-1C35-4396-A50C-0D39FA0D26FD}.Release|Any CPU.Build.0 = Release|Any CPU
		{93BB2977-9B42-4FF7-B4BB-399E487F0203}.Debug|Any CPU.ActiveCfg = Debug|Any CPU
		{93BB2977-9B42-4FF7-B4BB-399E487F0203}.Debug|Any CPU.Build.0 = Debug|Any CPU
		{93BB2977-9B42-4FF7-B4BB-399E487F0203}.Release|Any CPU.ActiveCfg = Release|Any CPU
		{93BB2977-9B42-4FF7-B4BB-399E487F0203}.Release|Any CPU.Build.0 = Release|Any CPU
	EndGlobalSection
	GlobalSection(SolutionProperties) = preSolution
		HideSolutionNode = FALSE
	EndGlobalSection
EndGlobal
