
Microsoft Visual Studio Solution File, Format Version 12.00
# Visual Studio Version 17
VisualStudioVersion = 17.6.33829.357
MinimumVisualStudioVersion = 10.0.40219.1
Project("{FAE04EC0-301F-11D3-BF4B-00C04F79EFBC}") = "Ages", "Ages\Ages.csproj", "{F977A7F3-C122-4ADF-9DEB-9FDEF0393FB2}"
EndProject
Project("{FAE04EC0-301F-11D3-BF4B-00C04F79EFBC}") = "Division", "Division\Division.csproj", "{3745D5C1-2E53-45B1-B404-C34AF3731C12}"
EndProject
Project("{FAE04EC0-301F-11D3-BF4B-00C04F79EFBC}") = "Vacation", "Vacation\Vacation.csproj", "{AA16995F-02BE-44B0-B3F9-3804DB16DEFD}"
EndProject
Project("{FAE04EC0-301F-11D3-BF4B-00C04F79EFBC}") = "PrintAndSum", "PrintAndSum\PrintAndSum.csproj", "{4288BD00-BB1E-48A4-AC28-2DBA49A5A411}"
EndProject
Project("{FAE04EC0-301F-11D3-BF4B-00C04F79EFBC}") = "Login", "Login\Login.csproj", "{0CF69481-5C0A-4E9C-961F-AC947B638B8F}"
EndProject
Global
	GlobalSection(SolutionConfigurationPlatforms) = preSolution
		Debug|Any CPU = Debug|Any CPU
		Release|Any CPU = Release|Any CPU
	EndGlobalSection
	GlobalSection(ProjectConfigurationPlatforms) = postSolution
		{F977A7F3-C122-4ADF-9DEB-9FDEF0393FB2}.Debug|Any CPU.ActiveCfg = Debug|Any CPU
		{F977A7F3-C122-4ADF-9DEB-9FDEF0393FB2}.Debug|Any CPU.Build.0 = Debug|Any CPU
		{F977A7F3-C122-4ADF-9DEB-9FDEF0393FB2}.Release|Any CPU.ActiveCfg = Release|Any CPU
		{F977A7F3-C122-4ADF-9DEB-9FDEF0393FB2}.Release|Any CPU.Build.0 = Release|Any CPU
		{3745D5C1-2E53-45B1-B404-C34AF3731C12}.Debug|Any CPU.ActiveCfg = Debug|Any CPU
		{3745D5C1-2E53-45B1-B404-C34AF3731C12}.Debug|Any CPU.Build.0 = Debug|Any CPU
		{3745D5C1-2E53-45B1-B404-C34AF3731C12}.Release|Any CPU.ActiveCfg = Release|Any CPU
		{3745D5C1-2E53-45B1-B404-C34AF3731C12}.Release|Any CPU.Build.0 = Release|Any CPU
		{AA16995F-02BE-44B0-B3F9-3804DB16DEFD}.Debug|Any CPU.ActiveCfg = Debug|Any CPU
		{AA16995F-02BE-44B0-B3F9-3804DB16DEFD}.Debug|Any CPU.Build.0 = Debug|Any CPU
		{AA16995F-02BE-44B0-B3F9-3804DB16DEFD}.Release|Any CPU.ActiveCfg = Release|Any CPU
		{AA16995F-02BE-44B0-B3F9-3804DB16DEFD}.Release|Any CPU.Build.0 = Release|Any CPU
		{4288BD00-BB1E-48A4-AC28-2DBA49A5A411}.Debug|Any CPU.ActiveCfg = Debug|Any CPU
		{4288BD00-BB1E-48A4-AC28-2DBA49A5A411}.Debug|Any CPU.Build.0 = Debug|Any CPU
		{4288BD00-BB1E-48A4-AC28-2DBA49A5A411}.Release|Any CPU.ActiveCfg = Release|Any CPU
		{4288BD00-BB1E-48A4-AC28-2DBA49A5A411}.Release|Any CPU.Build.0 = Release|Any CPU
		{0CF69481-5C0A-4E9C-961F-AC947B638B8F}.Debug|Any CPU.ActiveCfg = Debug|Any CPU
		{0CF69481-5C0A-4E9C-961F-AC947B638B8F}.Debug|Any CPU.Build.0 = Debug|Any CPU
		{0CF69481-5C0A-4E9C-961F-AC947B638B8F}.Release|Any CPU.ActiveCfg = Release|Any CPU
		{0CF69481-5C0A-4E9C-961F-AC947B638B8F}.Release|Any CPU.Build.0 = Release|Any CPU
	EndGlobalSection
	GlobalSection(SolutionProperties) = preSolution
		HideSolutionNode = FALSE
	EndGlobalSection
	GlobalSection(ExtensibilityGlobals) = postSolution
		SolutionGuid = {2BBB1D18-26CA-4170-A3B8-F78CFAF7E37A}
	EndGlobalSection
EndGlobal
