
Microsoft Visual Studio Solution File, Format Version 12.00
# Visual Studio Version 17
VisualStudioVersion = 17.6.33829.357
MinimumVisualStudioVersion = 10.0.40219.1
Project("{9A19103F-16F7-4668-BE54-9A1E7A4F7556}") = "TwentyElementsPowFive", "TwentyElementsPowFive\TwentyElementsPowFive.csproj", "{00CB77BF-E2A6-4BBB-9840-3B4EB221FC9F}"
EndProject
Project("{9A19103F-16F7-4668-BE54-9A1E7A4F7556}") = "ReadTwoArrays", "ReadTwoArrays\ReadTwoArrays.csproj", "{D49D5C00-1987-4A5B-A5B3-163891A9914B}"
EndProject
Project("{9A19103F-16F7-4668-BE54-9A1E7A4F7556}") = "Fibonachi", "Fibonachi\Fibonachi.csproj", "{3F3E0900-04D7-4EDB-A059-21F577A2C401}"
EndProject
Project("{9A19103F-16F7-4668-BE54-9A1E7A4F7556}") = "SieveOfEratosthenes", "SieveOfEratostenes\SieveOfEratosthenes.csproj", "{4E6149AF-C8CC-4252-8B52-2DBB0159788C}"
EndProject
Project("{9A19103F-16F7-4668-BE54-9A1E7A4F7556}") = "LastKSumNumbers", "LastKSumNumbers\LastKSumNumbers.csproj", "{C3A0A04E-6F55-4D12-84D5-49EB235E8338}"
EndProject
Project("{FAE04EC0-301F-11D3-BF4B-00C04F79EFBC}") = "SumMinMaxFirstLastAverage", "SumMinMaxFirstLastAverage\SumMinMaxFirstLastAverage.csproj", "{8E497AFA-7271-4A53-B946-417F0CCD10AA}"
EndProject
Project("{FAE04EC0-301F-11D3-BF4B-00C04F79EFBC}") = "TripleSum", "TripleSum\TripleSum.csproj", "{762E1A07-0924-4936-A175-CA4A232768D3}"
EndProject
Project("{FAE04EC0-301F-11D3-BF4B-00C04F79EFBC}") = "DayOfWeek", "DayOfWeek\DayOfWeek.csproj", "{07D5A97D-AEBD-4AB0-BF57-7568A259B227}"
EndProject
Project("{FAE04EC0-301F-11D3-BF4B-00C04F79EFBC}") = "ReverseArrayOfIntegers", "ReverseArrayOfIntegers\ReverseArrayOfIntegers.csproj", "{13DEC154-EEFE-4130-9727-61AB81F303A8}"
EndProject
Project("{FAE04EC0-301F-11D3-BF4B-00C04F79EFBC}") = "RoundingNumbers", "RoundingNumbers\RoundingNumbers.csproj", "{E655C19A-7970-4020-951F-4A547C41C49C}"
EndProject
Project("{FAE04EC0-301F-11D3-BF4B-00C04F79EFBC}") = "ReverseArrayOfStrings", "ReverseArrayOfStrings\ReverseArrayOfStrings.csproj", "{BE2D4CE7-C768-4B51-8930-1E107D2BFBC9}"
EndProject
Project("{FAE04EC0-301F-11D3-BF4B-00C04F79EFBC}") = "SumArrays", "SumArrays\SumArrays.csproj", "{1DD35936-37C5-4C3F-A959-B11540CF07E0}"
EndProject
Project("{FAE04EC0-301F-11D3-BF4B-00C04F79EFBC}") = "CondenseArrayToNumber", "CondenseArrayToNumber\CondenseArrayToNumber.csproj", "{8E6D9BFE-CD61-49D8-92F8-C009916FBA53}"
EndProject
Global
	GlobalSection(SolutionConfigurationPlatforms) = preSolution
		Debug|Any CPU = Debug|Any CPU
		Release|Any CPU = Release|Any CPU
	EndGlobalSection
	GlobalSection(ProjectConfigurationPlatforms) = postSolution
		{00CB77BF-E2A6-4BBB-9840-3B4EB221FC9F}.Debug|Any CPU.ActiveCfg = Debug|Any CPU
		{00CB77BF-E2A6-4BBB-9840-3B4EB221FC9F}.Debug|Any CPU.Build.0 = Debug|Any CPU
		{00CB77BF-E2A6-4BBB-9840-3B4EB221FC9F}.Release|Any CPU.ActiveCfg = Release|Any CPU
		{00CB77BF-E2A6-4BBB-9840-3B4EB221FC9F}.Release|Any CPU.Build.0 = Release|Any CPU
		{D49D5C00-1987-4A5B-A5B3-163891A9914B}.Debug|Any CPU.ActiveCfg = Debug|Any CPU
		{D49D5C00-1987-4A5B-A5B3-163891A9914B}.Debug|Any CPU.Build.0 = Debug|Any CPU
		{D49D5C00-1987-4A5B-A5B3-163891A9914B}.Release|Any CPU.ActiveCfg = Release|Any CPU
		{D49D5C00-1987-4A5B-A5B3-163891A9914B}.Release|Any CPU.Build.0 = Release|Any CPU
		{3F3E0900-04D7-4EDB-A059-21F577A2C401}.Debug|Any CPU.ActiveCfg = Debug|Any CPU
		{3F3E0900-04D7-4EDB-A059-21F577A2C401}.Debug|Any CPU.Build.0 = Debug|Any CPU
		{3F3E0900-04D7-4EDB-A059-21F577A2C401}.Release|Any CPU.ActiveCfg = Release|Any CPU
		{3F3E0900-04D7-4EDB-A059-21F577A2C401}.Release|Any CPU.Build.0 = Release|Any CPU
		{4E6149AF-C8CC-4252-8B52-2DBB0159788C}.Debug|Any CPU.ActiveCfg = Debug|Any CPU
		{4E6149AF-C8CC-4252-8B52-2DBB0159788C}.Debug|Any CPU.Build.0 = Debug|Any CPU
		{4E6149AF-C8CC-4252-8B52-2DBB0159788C}.Release|Any CPU.ActiveCfg = Release|Any CPU
		{4E6149AF-C8CC-4252-8B52-2DBB0159788C}.Release|Any CPU.Build.0 = Release|Any CPU
		{C3A0A04E-6F55-4D12-84D5-49EB235E8338}.Debug|Any CPU.ActiveCfg = Debug|Any CPU
		{C3A0A04E-6F55-4D12-84D5-49EB235E8338}.Debug|Any CPU.Build.0 = Debug|Any CPU
		{C3A0A04E-6F55-4D12-84D5-49EB235E8338}.Release|Any CPU.ActiveCfg = Release|Any CPU
		{C3A0A04E-6F55-4D12-84D5-49EB235E8338}.Release|Any CPU.Build.0 = Release|Any CPU
		{8E497AFA-7271-4A53-B946-417F0CCD10AA}.Debug|Any CPU.ActiveCfg = Debug|Any CPU
		{8E497AFA-7271-4A53-B946-417F0CCD10AA}.Debug|Any CPU.Build.0 = Debug|Any CPU
		{8E497AFA-7271-4A53-B946-417F0CCD10AA}.Release|Any CPU.ActiveCfg = Release|Any CPU
		{8E497AFA-7271-4A53-B946-417F0CCD10AA}.Release|Any CPU.Build.0 = Release|Any CPU
		{762E1A07-0924-4936-A175-CA4A232768D3}.Debug|Any CPU.ActiveCfg = Debug|Any CPU
		{762E1A07-0924-4936-A175-CA4A232768D3}.Debug|Any CPU.Build.0 = Debug|Any CPU
		{762E1A07-0924-4936-A175-CA4A232768D3}.Release|Any CPU.ActiveCfg = Release|Any CPU
		{762E1A07-0924-4936-A175-CA4A232768D3}.Release|Any CPU.Build.0 = Release|Any CPU
		{07D5A97D-AEBD-4AB0-BF57-7568A259B227}.Debug|Any CPU.ActiveCfg = Debug|Any CPU
		{07D5A97D-AEBD-4AB0-BF57-7568A259B227}.Debug|Any CPU.Build.0 = Debug|Any CPU
		{07D5A97D-AEBD-4AB0-BF57-7568A259B227}.Release|Any CPU.ActiveCfg = Release|Any CPU
		{07D5A97D-AEBD-4AB0-BF57-7568A259B227}.Release|Any CPU.Build.0 = Release|Any CPU
		{13DEC154-EEFE-4130-9727-61AB81F303A8}.Debug|Any CPU.ActiveCfg = Debug|Any CPU
		{13DEC154-EEFE-4130-9727-61AB81F303A8}.Debug|Any CPU.Build.0 = Debug|Any CPU
		{13DEC154-EEFE-4130-9727-61AB81F303A8}.Release|Any CPU.ActiveCfg = Release|Any CPU
		{13DEC154-EEFE-4130-9727-61AB81F303A8}.Release|Any CPU.Build.0 = Release|Any CPU
		{E655C19A-7970-4020-951F-4A547C41C49C}.Debug|Any CPU.ActiveCfg = Debug|Any CPU
		{E655C19A-7970-4020-951F-4A547C41C49C}.Debug|Any CPU.Build.0 = Debug|Any CPU
		{E655C19A-7970-4020-951F-4A547C41C49C}.Release|Any CPU.ActiveCfg = Release|Any CPU
		{E655C19A-7970-4020-951F-4A547C41C49C}.Release|Any CPU.Build.0 = Release|Any CPU
		{BE2D4CE7-C768-4B51-8930-1E107D2BFBC9}.Debug|Any CPU.ActiveCfg = Debug|Any CPU
		{BE2D4CE7-C768-4B51-8930-1E107D2BFBC9}.Debug|Any CPU.Build.0 = Debug|Any CPU
		{BE2D4CE7-C768-4B51-8930-1E107D2BFBC9}.Release|Any CPU.ActiveCfg = Release|Any CPU
		{BE2D4CE7-C768-4B51-8930-1E107D2BFBC9}.Release|Any CPU.Build.0 = Release|Any CPU
		{1DD35936-37C5-4C3F-A959-B11540CF07E0}.Debug|Any CPU.ActiveCfg = Debug|Any CPU
		{1DD35936-37C5-4C3F-A959-B11540CF07E0}.Debug|Any CPU.Build.0 = Debug|Any CPU
		{1DD35936-37C5-4C3F-A959-B11540CF07E0}.Release|Any CPU.ActiveCfg = Release|Any CPU
		{1DD35936-37C5-4C3F-A959-B11540CF07E0}.Release|Any CPU.Build.0 = Release|Any CPU
		{8E6D9BFE-CD61-49D8-92F8-C009916FBA53}.Debug|Any CPU.ActiveCfg = Debug|Any CPU
		{8E6D9BFE-CD61-49D8-92F8-C009916FBA53}.Debug|Any CPU.Build.0 = Debug|Any CPU
		{8E6D9BFE-CD61-49D8-92F8-C009916FBA53}.Release|Any CPU.ActiveCfg = Release|Any CPU
		{8E6D9BFE-CD61-49D8-92F8-C009916FBA53}.Release|Any CPU.Build.0 = Release|Any CPU
	EndGlobalSection
	GlobalSection(SolutionProperties) = preSolution
		HideSolutionNode = FALSE
	EndGlobalSection
	GlobalSection(ExtensibilityGlobals) = postSolution
		SolutionGuid = {E6E2D4DB-3573-43ED-A89F-734C8D84F2D0}
	EndGlobalSection
EndGlobal
