
Microsoft Visual Studio Solution File, Format Version 12.00
# Visual Studio Version 17
VisualStudioVersion = 17.6.33829.357
MinimumVisualStudioVersion = 10.0.40219.1
Project("{9A19103F-16F7-4668-BE54-9A1E7A4F7556}") = "TwentyElementsPowFive", "TwentyElementsPowFive\TwentyElementsPowFive.csproj", "{00CB77BF-E2A6-4BBB-9840-3B4EB221FC9F}"
EndProject
Project("{9A19103F-16F7-4668-BE54-9A1E7A4F7556}") = "ReadTwoArrays", "ReadTwoArrays\ReadTwoArrays.csproj", "{D49D5C00-1987-4A5B-A5B3-163891A9914B}"
EndProject
Project("{9A19103F-16F7-4668-BE54-9A1E7A4F7556}") = "Fibonachi", "Fibonachi\Fibonachi.csproj", "{3F3E0900-04D7-4EDB-A059-21F577A2C401}"
EndProject
Project("{FAE04EC0-301F-11D3-BF4B-00C04F79EFBC}") = "SieveOfEratosthenes", "SieveOfEratostenes\SieveOfEratosthenes.csproj", "{4E6149AF-C8CC-4252-8B52-2DBB0159788C}"
EndProject
Project("{FAE04EC0-301F-11D3-BF4B-00C04F79EFBC}") = "LastKSumNumbers", "LastKSumNumbers\LastKSumNumbers.csproj", "{C3A0A04E-6F55-4D12-84D5-49EB235E8338}"
EndProject
Global
	GlobalSection(SolutionConfigurationPlatforms) = preSolution
		Debug|Any CPU = Debug|Any CPU
		Release|Any CPU = Release|Any CPU
	EndGlobalSection
	GlobalSection(ProjectConfigurationPlatforms) = postSolution
		{00CB77BF-E2A6-4BBB-9840-3B4EB221FC9F}.Debug|Any CPU.ActiveCfg = Debug|Any CPU
		{00CB77BF-E2A6-4BBB-9840-3B4EB221FC9F}.Debug|Any CPU.Build.0 = Debug|Any CPU
		{00CB77BF-E2A6-4BBB-9840-3B4EB221FC9F}.Release|Any CPU.ActiveCfg = Release|Any CPU
		{00CB77BF-E2A6-4BBB-9840-3B4EB221FC9F}.Release|Any CPU.Build.0 = Release|Any CPU
		{D49D5C00-1987-4A5B-A5B3-163891A9914B}.Debug|Any CPU.ActiveCfg = Debug|Any CPU
		{D49D5C00-1987-4A5B-A5B3-163891A9914B}.Debug|Any CPU.Build.0 = Debug|Any CPU
		{D49D5C00-1987-4A5B-A5B3-163891A9914B}.Release|Any CPU.ActiveCfg = Release|Any CPU
		{D49D5C00-1987-4A5B-A5B3-163891A9914B}.Release|Any CPU.Build.0 = Release|Any CPU
		{3F3E0900-04D7-4EDB-A059-21F577A2C401}.Debug|Any CPU.ActiveCfg = Debug|Any CPU
		{3F3E0900-04D7-4EDB-A059-21F577A2C401}.Debug|Any CPU.Build.0 = Debug|Any CPU
		{3F3E0900-04D7-4EDB-A059-21F577A2C401}.Release|Any CPU.ActiveCfg = Release|Any CPU
		{3F3E0900-04D7-4EDB-A059-21F577A2C401}.Release|Any CPU.Build.0 = Release|Any CPU
		{4E6149AF-C8CC-4252-8B52-2DBB0159788C}.Debug|Any CPU.ActiveCfg = Debug|Any CPU
		{4E6149AF-C8CC-4252-8B52-2DBB0159788C}.Debug|Any CPU.Build.0 = Debug|Any CPU
		{4E6149AF-C8CC-4252-8B52-2DBB0159788C}.Release|Any CPU.ActiveCfg = Release|Any CPU
		{4E6149AF-C8CC-4252-8B52-2DBB0159788C}.Release|Any CPU.Build.0 = Release|Any CPU
		{C3A0A04E-6F55-4D12-84D5-49EB235E8338}.Debug|Any CPU.ActiveCfg = Debug|Any CPU
		{C3A0A04E-6F55-4D12-84D5-49EB235E8338}.Debug|Any CPU.Build.0 = Debug|Any CPU
		{C3A0A04E-6F55-4D12-84D5-49EB235E8338}.Release|Any CPU.ActiveCfg = Release|Any CPU
		{C3A0A04E-6F55-4D12-84D5-49EB235E8338}.Release|Any CPU.Build.0 = Release|Any CPU
	EndGlobalSection
	GlobalSection(SolutionProperties) = preSolution
		HideSolutionNode = FALSE
	EndGlobalSection
	GlobalSection(ExtensibilityGlobals) = postSolution
		SolutionGuid = {E6E2D4DB-3573-43ED-A89F-734C8D84F2D0}
	EndGlobalSection
EndGlobal
