
Microsoft Visual Studio Solution File, Format Version 12.00
# Visual Studio Version 17
VisualStudioVersion = 17.6.33829.357
MinimumVisualStudioVersion = 10.0.40219.1
Project("{9A19103F-16F7-4668-BE54-9A1E7A4F7556}") = "SmallestOfThreeNumbers", "SmallestOfThreeNumbers\SmallestOfThreeNumbers.csproj", "{A1655F77-50D0-41BA-9402-21B4ECE0D99D}"
EndProject
Project("{9A19103F-16F7-4668-BE54-9A1E7A4F7556}") = "Demo", "Demo\Demo.csproj", "{B43D9B65-CD08-4041-AE90-8E63E11BA213}"
EndProject
Project("{9A19103F-16F7-4668-BE54-9A1E7A4F7556}") = "VowelsCount", "VowelsCount\VowelsCount.csproj", "{93ECEE5D-D417-44FB-87C6-F5F41700154A}"
EndProject
Project("{9A19103F-16F7-4668-BE54-9A1E7A4F7556}") = "CharactersInRange", "CharactersInRange\CharactersInRange.csproj", "{41FDACC1-409F-4FB2-ADAB-7638CD392C84}"
EndProject
Project("{9A19103F-16F7-4668-BE54-9A1E7A4F7556}") = "PasswordValidator", "PasswordValidator\PasswordValidator.csproj", "{03F02BF4-008E-433C-8709-45F3F3C9DCC2}"
EndProject
Project("{FAE04EC0-301F-11D3-BF4B-00C04F79EFBC}") = "AddAndSubtract", "AddAndSubtract\AddAndSubtract.csproj", "{6B40626D-D0DE-44F8-BB54-11E9496B201D}"
EndProject
Project("{FAE04EC0-301F-11D3-BF4B-00C04F79EFBC}") = "MiddleCharacters", "MiddleCharacters\MiddleCharacters.csproj", "{FC1F7E9E-FCC0-4085-860A-E294E19BCF83}"
EndProject
Project("{FAE04EC0-301F-11D3-BF4B-00C04F79EFBC}") = "NxNMatrix", "NxNMatrix\NxNMatrix.csproj", "{F2DE3C3F-8437-4C3C-8F89-F37EBBC95A8A}"
EndProject
Project("{FAE04EC0-301F-11D3-BF4B-00C04F79EFBC}") = "FactorialDivision", "FactorialDivision\FactorialDivision.csproj", "{E2C210A2-ACDF-4E59-93C5-3A4A6CFB4E1F}"
EndProject
Project("{FAE04EC0-301F-11D3-BF4B-00C04F79EFBC}") = "PalindromeIntegers", "PalindromeIntegers\PalindromeIntegers.csproj", "{890021E4-8FE3-4880-8E5E-DACA9378D5F6}"
EndProject
Project("{FAE04EC0-301F-11D3-BF4B-00C04F79EFBC}") = "TopNumber", "TopNumber\TopNumber.csproj", "{80D90E1C-1D56-4644-9EB2-C46B1194DB05}"
EndProject
Global
	GlobalSection(SolutionConfigurationPlatforms) = preSolution
		Debug|Any CPU = Debug|Any CPU
		Release|Any CPU = Release|Any CPU
	EndGlobalSection
	GlobalSection(ProjectConfigurationPlatforms) = postSolution
		{A1655F77-50D0-41BA-9402-21B4ECE0D99D}.Debug|Any CPU.ActiveCfg = Debug|Any CPU
		{A1655F77-50D0-41BA-9402-21B4ECE0D99D}.Debug|Any CPU.Build.0 = Debug|Any CPU
		{A1655F77-50D0-41BA-9402-21B4ECE0D99D}.Release|Any CPU.ActiveCfg = Release|Any CPU
		{A1655F77-50D0-41BA-9402-21B4ECE0D99D}.Release|Any CPU.Build.0 = Release|Any CPU
		{B43D9B65-CD08-4041-AE90-8E63E11BA213}.Debug|Any CPU.ActiveCfg = Debug|Any CPU
		{B43D9B65-CD08-4041-AE90-8E63E11BA213}.Debug|Any CPU.Build.0 = Debug|Any CPU
		{B43D9B65-CD08-4041-AE90-8E63E11BA213}.Release|Any CPU.ActiveCfg = Release|Any CPU
		{B43D9B65-CD08-4041-AE90-8E63E11BA213}.Release|Any CPU.Build.0 = Release|Any CPU
		{93ECEE5D-D417-44FB-87C6-F5F41700154A}.Debug|Any CPU.ActiveCfg = Debug|Any CPU
		{93ECEE5D-D417-44FB-87C6-F5F41700154A}.Debug|Any CPU.Build.0 = Debug|Any CPU
		{93ECEE5D-D417-44FB-87C6-F5F41700154A}.Release|Any CPU.ActiveCfg = Release|Any CPU
		{93ECEE5D-D417-44FB-87C6-F5F41700154A}.Release|Any CPU.Build.0 = Release|Any CPU
		{41FDACC1-409F-4FB2-ADAB-7638CD392C84}.Debug|Any CPU.ActiveCfg = Debug|Any CPU
		{41FDACC1-409F-4FB2-ADAB-7638CD392C84}.Debug|Any CPU.Build.0 = Debug|Any CPU
		{41FDACC1-409F-4FB2-ADAB-7638CD392C84}.Release|Any CPU.ActiveCfg = Release|Any CPU
		{41FDACC1-409F-4FB2-ADAB-7638CD392C84}.Release|Any CPU.Build.0 = Release|Any CPU
		{03F02BF4-008E-433C-8709-45F3F3C9DCC2}.Debug|Any CPU.ActiveCfg = Debug|Any CPU
		{03F02BF4-008E-433C-8709-45F3F3C9DCC2}.Debug|Any CPU.Build.0 = Debug|Any CPU
		{03F02BF4-008E-433C-8709-45F3F3C9DCC2}.Release|Any CPU.ActiveCfg = Release|Any CPU
		{03F02BF4-008E-433C-8709-45F3F3C9DCC2}.Release|Any CPU.Build.0 = Release|Any CPU
		{6B40626D-D0DE-44F8-BB54-11E9496B201D}.Debug|Any CPU.ActiveCfg = Debug|Any CPU
		{6B40626D-D0DE-44F8-BB54-11E9496B201D}.Debug|Any CPU.Build.0 = Debug|Any CPU
		{6B40626D-D0DE-44F8-BB54-11E9496B201D}.Release|Any CPU.ActiveCfg = Release|Any CPU
		{6B40626D-D0DE-44F8-BB54-11E9496B201D}.Release|Any CPU.Build.0 = Release|Any CPU
		{FC1F7E9E-FCC0-4085-860A-E294E19BCF83}.Debug|Any CPU.ActiveCfg = Debug|Any CPU
		{FC1F7E9E-FCC0-4085-860A-E294E19BCF83}.Debug|Any CPU.Build.0 = Debug|Any CPU
		{FC1F7E9E-FCC0-4085-860A-E294E19BCF83}.Release|Any CPU.ActiveCfg = Release|Any CPU
		{FC1F7E9E-FCC0-4085-860A-E294E19BCF83}.Release|Any CPU.Build.0 = Release|Any CPU
		{F2DE3C3F-8437-4C3C-8F89-F37EBBC95A8A}.Debug|Any CPU.ActiveCfg = Debug|Any CPU
		{F2DE3C3F-8437-4C3C-8F89-F37EBBC95A8A}.Debug|Any CPU.Build.0 = Debug|Any CPU
		{F2DE3C3F-8437-4C3C-8F89-F37EBBC95A8A}.Release|Any CPU.ActiveCfg = Release|Any CPU
		{F2DE3C3F-8437-4C3C-8F89-F37EBBC95A8A}.Release|Any CPU.Build.0 = Release|Any CPU
		{E2C210A2-ACDF-4E59-93C5-3A4A6CFB4E1F}.Debug|Any CPU.ActiveCfg = Debug|Any CPU
		{E2C210A2-ACDF-4E59-93C5-3A4A6CFB4E1F}.Debug|Any CPU.Build.0 = Debug|Any CPU
		{E2C210A2-ACDF-4E59-93C5-3A4A6CFB4E1F}.Release|Any CPU.ActiveCfg = Release|Any CPU
		{E2C210A2-ACDF-4E59-93C5-3A4A6CFB4E1F}.Release|Any CPU.Build.0 = Release|Any CPU
		{890021E4-8FE3-4880-8E5E-DACA9378D5F6}.Debug|Any CPU.ActiveCfg = Debug|Any CPU
		{890021E4-8FE3-4880-8E5E-DACA9378D5F6}.Debug|Any CPU.Build.0 = Debug|Any CPU
		{890021E4-8FE3-4880-8E5E-DACA9378D5F6}.Release|Any CPU.ActiveCfg = Release|Any CPU
		{890021E4-8FE3-4880-8E5E-DACA9378D5F6}.Release|Any CPU.Build.0 = Release|Any CPU
		{80D90E1C-1D56-4644-9EB2-C46B1194DB05}.Debug|Any CPU.ActiveCfg = Debug|Any CPU
		{80D90E1C-1D56-4644-9EB2-C46B1194DB05}.Debug|Any CPU.Build.0 = Debug|Any CPU
		{80D90E1C-1D56-4644-9EB2-C46B1194DB05}.Release|Any CPU.ActiveCfg = Release|Any CPU
		{80D90E1C-1D56-4644-9EB2-C46B1194DB05}.Release|Any CPU.Build.0 = Release|Any CPU
	EndGlobalSection
	GlobalSection(SolutionProperties) = preSolution
		HideSolutionNode = FALSE
	EndGlobalSection
	GlobalSection(ExtensibilityGlobals) = postSolution
		SolutionGuid = {8879831A-A752-4BFA-ACB3-B6D53CD9F4C2}
	EndGlobalSection
EndGlobal
