
Microsoft Visual Studio Solution File, Format Version 12.00
# Visual Studio Version 17
VisualStudioVersion = 17.6.33801.468
MinimumVisualStudioVersion = 10.0.40219.1
Project("{9A19103F-16F7-4668-BE54-9A1E7A4F7556}") = "00. Demos", "00. Demos\00. Demos.csproj", "{875AE3C1-A3D4-4D6D-80F7-5A9970F3218A}"
EndProject
Project("{9A19103F-16F7-4668-BE54-9A1E7A4F7556}") = "PracticeIntegerNumbers", "PracticeIntegerNumbers\PracticeIntegerNumbers.csproj", "{463E3CF0-AA41-44B9-8542-07C41CC5C6BF}"
EndProject
Project("{9A19103F-16F7-4668-BE54-9A1E7A4F7556}") = "PracticeFloatingPointNumbers", "PracticeFloatingPointNumbers\PracticeFloatingPointNumbers.csproj", "{66623408-F76D-4130-A8FE-C7203CD5AAC1}"
EndProject
Project("{9A19103F-16F7-4668-BE54-9A1E7A4F7556}") = "PracticeCharactersAndStrings", "PracticeCharactersAndStrings\PracticeCharactersAndStrings.csproj", "{393EE781-D924-4F2C-BCB9-6B9F8C7128CA}"
EndProject
Project("{FAE04EC0-301F-11D3-BF4B-00C04F79EFBC}") = "PracticeNullableTypes", "PracticeNullableTypes\PracticeNullableTypes.csproj", "{0BD4C91D-ED40-4CBD-A765-EBAC18A16CB1}"
EndProject
Global
	GlobalSection(SolutionConfigurationPlatforms) = preSolution
		Debug|Any CPU = Debug|Any CPU
		Release|Any CPU = Release|Any CPU
	EndGlobalSection
	GlobalSection(ProjectConfigurationPlatforms) = postSolution
		{875AE3C1-A3D4-4D6D-80F7-5A9970F3218A}.Debug|Any CPU.ActiveCfg = Debug|Any CPU
		{875AE3C1-A3D4-4D6D-80F7-5A9970F3218A}.Debug|Any CPU.Build.0 = Debug|Any CPU
		{875AE3C1-A3D4-4D6D-80F7-5A9970F3218A}.Release|Any CPU.ActiveCfg = Release|Any CPU
		{875AE3C1-A3D4-4D6D-80F7-5A9970F3218A}.Release|Any CPU.Build.0 = Release|Any CPU
		{463E3CF0-AA41-44B9-8542-07C41CC5C6BF}.Debug|Any CPU.ActiveCfg = Debug|Any CPU
		{463E3CF0-AA41-44B9-8542-07C41CC5C6BF}.Debug|Any CPU.Build.0 = Debug|Any CPU
		{463E3CF0-AA41-44B9-8542-07C41CC5C6BF}.Release|Any CPU.ActiveCfg = Release|Any CPU
		{463E3CF0-AA41-44B9-8542-07C41CC5C6BF}.Release|Any CPU.Build.0 = Release|Any CPU
		{66623408-F76D-4130-A8FE-C7203CD5AAC1}.Debug|Any CPU.ActiveCfg = Debug|Any CPU
		{66623408-F76D-4130-A8FE-C7203CD5AAC1}.Debug|Any CPU.Build.0 = Debug|Any CPU
		{66623408-F76D-4130-A8FE-C7203CD5AAC1}.Release|Any CPU.ActiveCfg = Release|Any CPU
		{66623408-F76D-4130-A8FE-C7203CD5AAC1}.Release|Any CPU.Build.0 = Release|Any CPU
		{393EE781-D924-4F2C-BCB9-6B9F8C7128CA}.Debug|Any CPU.ActiveCfg = Debug|Any CPU
		{393EE781-D924-4F2C-BCB9-6B9F8C7128CA}.Debug|Any CPU.Build.0 = Debug|Any CPU
		{393EE781-D924-4F2C-BCB9-6B9F8C7128CA}.Release|Any CPU.ActiveCfg = Release|Any CPU
		{393EE781-D924-4F2C-BCB9-6B9F8C7128CA}.Release|Any CPU.Build.0 = Release|Any CPU
		{0BD4C91D-ED40-4CBD-A765-EBAC18A16CB1}.Debug|Any CPU.ActiveCfg = Debug|Any CPU
		{0BD4C91D-ED40-4CBD-A765-EBAC18A16CB1}.Debug|Any CPU.Build.0 = Debug|Any CPU
		{0BD4C91D-ED40-4CBD-A765-EBAC18A16CB1}.Release|Any CPU.ActiveCfg = Release|Any CPU
		{0BD4C91D-ED40-4CBD-A765-EBAC18A16CB1}.Release|Any CPU.Build.0 = Release|Any CPU
	EndGlobalSection
	GlobalSection(SolutionProperties) = preSolution
		HideSolutionNode = FALSE
	EndGlobalSection
	GlobalSection(ExtensibilityGlobals) = postSolution
		SolutionGuid = {E7129D89-F991-4E50-ABDE-68D106D53B13}
	EndGlobalSection
EndGlobal
