
Microsoft Visual Studio Solution File, Format Version 12.00
# Visual Studio Version 17
VisualStudioVersion = 17.6.33829.357
MinimumVisualStudioVersion = 10.0.40219.1
Project("{9A19103F-16F7-4668-BE54-9A1E7A4F7556}") = "IntegerOperations", "IntegerOperations\IntegerOperations.csproj", "{14A8433F-2CD3-4A64-BC53-1B76E819C281}"
EndProject
Project("{9A19103F-16F7-4668-BE54-9A1E7A4F7556}") = "SumDigits", "SumDigits\SumDigits.csproj", "{DAFBB72F-7F27-4FD3-981A-409475EE845B}"
EndProject
Project("{9A19103F-16F7-4668-BE54-9A1E7A4F7556}") = "Elevator", "Elevator\Elevator.csproj", "{9204B235-BD7D-43E8-8D60-BEB0CEAAAF60}"
EndProject
Project("{FAE04EC0-301F-11D3-BF4B-00C04F79EFBC}") = "SumOfChars", "SumOfChars\SumOfChars.csproj", "{0F48DB78-5628-46B4-9665-556882CBD40E}"
EndProject
Global
	GlobalSection(SolutionConfigurationPlatforms) = preSolution
		Debug|Any CPU = Debug|Any CPU
		Release|Any CPU = Release|Any CPU
	EndGlobalSection
	GlobalSection(ProjectConfigurationPlatforms) = postSolution
		{14A8433F-2CD3-4A64-BC53-1B76E819C281}.Debug|Any CPU.ActiveCfg = Debug|Any CPU
		{14A8433F-2CD3-4A64-BC53-1B76E819C281}.Debug|Any CPU.Build.0 = Debug|Any CPU
		{14A8433F-2CD3-4A64-BC53-1B76E819C281}.Release|Any CPU.ActiveCfg = Release|Any CPU
		{14A8433F-2CD3-4A64-BC53-1B76E819C281}.Release|Any CPU.Build.0 = Release|Any CPU
		{DAFBB72F-7F27-4FD3-981A-409475EE845B}.Debug|Any CPU.ActiveCfg = Debug|Any CPU
		{DAFBB72F-7F27-4FD3-981A-409475EE845B}.Debug|Any CPU.Build.0 = Debug|Any CPU
		{DAFBB72F-7F27-4FD3-981A-409475EE845B}.Release|Any CPU.ActiveCfg = Release|Any CPU
		{DAFBB72F-7F27-4FD3-981A-409475EE845B}.Release|Any CPU.Build.0 = Release|Any CPU
		{9204B235-BD7D-43E8-8D60-BEB0CEAAAF60}.Debug|Any CPU.ActiveCfg = Debug|Any CPU
		{9204B235-BD7D-43E8-8D60-BEB0CEAAAF60}.Debug|Any CPU.Build.0 = Debug|Any CPU
		{9204B235-BD7D-43E8-8D60-BEB0CEAAAF60}.Release|Any CPU.ActiveCfg = Release|Any CPU
		{9204B235-BD7D-43E8-8D60-BEB0CEAAAF60}.Release|Any CPU.Build.0 = Release|Any CPU
		{0F48DB78-5628-46B4-9665-556882CBD40E}.Debug|Any CPU.ActiveCfg = Debug|Any CPU
		{0F48DB78-5628-46B4-9665-556882CBD40E}.Debug|Any CPU.Build.0 = Debug|Any CPU
		{0F48DB78-5628-46B4-9665-556882CBD40E}.Release|Any CPU.ActiveCfg = Release|Any CPU
		{0F48DB78-5628-46B4-9665-556882CBD40E}.Release|Any CPU.Build.0 = Release|Any CPU
	EndGlobalSection
	GlobalSection(SolutionProperties) = preSolution
		HideSolutionNode = FALSE
	EndGlobalSection
	GlobalSection(ExtensibilityGlobals) = postSolution
		SolutionGuid = {457A75CE-4B94-4F64-BFEC-257A4A599C3D}
	EndGlobalSection
EndGlobal
