
Microsoft Visual Studio Solution File, Format Version 12.00
# Visual Studio Version 17
VisualStudioVersion = 17.11.35222.181
MinimumVisualStudioVersion = 10.0.40219.1
Project("{FAE04EC0-301F-11D3-BF4B-00C04F79EFBC}") = "AdvertisementMessage", "AdvertisementMessage\AdvertisementMessage.csproj", "{3099643C-98F0-46FF-A508-883BE9B7D5C9}"
EndProject
Project("{FAE04EC0-301F-11D3-BF4B-00C04F79EFBC}") = "Articles", "Articles\Articles.csproj", "{EDBBCE89-D59E-4F99-8E85-C7916842A96D}"
EndProject
Global
	GlobalSection(SolutionConfigurationPlatforms) = preSolution
		Debug|Any CPU = Debug|Any CPU
		Release|Any CPU = Release|Any CPU
	EndGlobalSection
	GlobalSection(ProjectConfigurationPlatforms) = postSolution
		{3099643C-98F0-46FF-A508-883BE9B7D5C9}.Debug|Any CPU.ActiveCfg = Debug|Any CPU
		{3099643C-98F0-46FF-A508-883BE9B7D5C9}.Debug|Any CPU.Build.0 = Debug|Any CPU
		{3099643C-98F0-46FF-A508-883BE9B7D5C9}.Release|Any CPU.ActiveCfg = Release|Any CPU
		{3099643C-98F0-46FF-A508-883BE9B7D5C9}.Release|Any CPU.Build.0 = Release|Any CPU
		{EDBBCE89-D59E-4F99-8E85-C7916842A96D}.Debug|Any CPU.ActiveCfg = Debug|Any CPU
		{EDBBCE89-D59E-4F99-8E85-C7916842A96D}.Debug|Any CPU.Build.0 = Debug|Any CPU
		{EDBBCE89-D59E-4F99-8E85-C7916842A96D}.Release|Any CPU.ActiveCfg = Release|Any CPU
		{EDBBCE89-D59E-4F99-8E85-C7916842A96D}.Release|Any CPU.Build.0 = Release|Any CPU
	EndGlobalSection
	GlobalSection(SolutionProperties) = preSolution
		HideSolutionNode = FALSE
	EndGlobalSection
	GlobalSection(ExtensibilityGlobals) = postSolution
		SolutionGuid = {04FE8E70-A592-421F-BD6E-DE8463BED1FD}
	EndGlobalSection
EndGlobal
