
Microsoft Visual Studio Solution File, Format Version 12.00
# Visual Studio Version 17
VisualStudioVersion = 17.11.35222.181
MinimumVisualStudioVersion = 10.0.40219.1
Project("{9A19103F-16F7-4668-BE54-9A1E7A4F7556}") = "AdvertisementMessage", "AdvertisementMessage\AdvertisementMessage.csproj", "{3099643C-98F0-46FF-A508-883BE9B7D5C9}"
EndProject
Project("{9A19103F-16F7-4668-BE54-9A1E7A4F7556}") = "Articles", "Articles\Articles.csproj", "{EDBBCE89-D59E-4F99-8E85-C7916842A96D}"
EndProject
Project("{9A19103F-16F7-4668-BE54-9A1E7A4F7556}") = "Articles2.0", "Articles2.0\Articles2.0.csproj", "{F5767224-CCF0-4B7B-B9F8-EB4BA7158C86}"
EndProject
Project("{9A19103F-16F7-4668-BE54-9A1E7A4F7556}") = "Students", "Students\Students.csproj", "{D5630739-91C3-4B46-9E60-4A8F4ED38138}"
EndProject
Project("{FAE04EC0-301F-11D3-BF4B-00C04F79EFBC}") = "VehicleCatalogue", "VehicleCatalogue\VehicleCatalogue.csproj", "{65688E11-B653-4638-B00A-DE149AF0EB42}"
EndProject
Global
	GlobalSection(SolutionConfigurationPlatforms) = preSolution
		Debug|Any CPU = Debug|Any CPU
		Release|Any CPU = Release|Any CPU
	EndGlobalSection
	GlobalSection(ProjectConfigurationPlatforms) = postSolution
		{3099643C-98F0-46FF-A508-883BE9B7D5C9}.Debug|Any CPU.ActiveCfg = Debug|Any CPU
		{3099643C-98F0-46FF-A508-883BE9B7D5C9}.Debug|Any CPU.Build.0 = Debug|Any CPU
		{3099643C-98F0-46FF-A508-883BE9B7D5C9}.Release|Any CPU.ActiveCfg = Release|Any CPU
		{3099643C-98F0-46FF-A508-883BE9B7D5C9}.Release|Any CPU.Build.0 = Release|Any CPU
		{EDBBCE89-D59E-4F99-8E85-C7916842A96D}.Debug|Any CPU.ActiveCfg = Debug|Any CPU
		{EDBBCE89-D59E-4F99-8E85-C7916842A96D}.Debug|Any CPU.Build.0 = Debug|Any CPU
		{EDBBCE89-D59E-4F99-8E85-C7916842A96D}.Release|Any CPU.ActiveCfg = Release|Any CPU
		{EDBBCE89-D59E-4F99-8E85-C7916842A96D}.Release|Any CPU.Build.0 = Release|Any CPU
		{F5767224-CCF0-4B7B-B9F8-EB4BA7158C86}.Debug|Any CPU.ActiveCfg = Debug|Any CPU
		{F5767224-CCF0-4B7B-B9F8-EB4BA7158C86}.Debug|Any CPU.Build.0 = Debug|Any CPU
		{F5767224-CCF0-4B7B-B9F8-EB4BA7158C86}.Release|Any CPU.ActiveCfg = Release|Any CPU
		{F5767224-CCF0-4B7B-B9F8-EB4BA7158C86}.Release|Any CPU.Build.0 = Release|Any CPU
		{D5630739-91C3-4B46-9E60-4A8F4ED38138}.Debug|Any CPU.ActiveCfg = Debug|Any CPU
		{D5630739-91C3-4B46-9E60-4A8F4ED38138}.Debug|Any CPU.Build.0 = Debug|Any CPU
		{D5630739-91C3-4B46-9E60-4A8F4ED38138}.Release|Any CPU.ActiveCfg = Release|Any CPU
		{D5630739-91C3-4B46-9E60-4A8F4ED38138}.Release|Any CPU.Build.0 = Release|Any CPU
		{65688E11-B653-4638-B00A-DE149AF0EB42}.Debug|Any CPU.ActiveCfg = Debug|Any CPU
		{65688E11-B653-4638-B00A-DE149AF0EB42}.Debug|Any CPU.Build.0 = Debug|Any CPU
		{65688E11-B653-4638-B00A-DE149AF0EB42}.Release|Any CPU.ActiveCfg = Release|Any CPU
		{65688E11-B653-4638-B00A-DE149AF0EB42}.Release|Any CPU.Build.0 = Release|Any CPU
	EndGlobalSection
	GlobalSection(SolutionProperties) = preSolution
		HideSolutionNode = FALSE
	EndGlobalSection
	GlobalSection(ExtensibilityGlobals) = postSolution
		SolutionGuid = {04FE8E70-A592-421F-BD6E-DE8463BED1FD}
	EndGlobalSection
EndGlobal
