
Microsoft Visual Studio Solution File, Format Version 12.00
# Visual Studio Version 17
VisualStudioVersion = 17.11.35222.181
MinimumVisualStudioVersion = 10.0.40219.1
Project("{9A19103F-16F7-4668-BE54-9A1E7A4F7556}") = "CountCharsInAString", "CountCharsInAString\CountCharsInAString.csproj", "{FA4677EF-19E8-40EB-94AC-4D7B48B589B6}"
EndProject
Project("{9A19103F-16F7-4668-BE54-9A1E7A4F7556}") = "AMinerTask", "AMinerTask\AMinerTask.csproj", "{5C45BF92-4F66-48D9-AF3F-D961100191C9}"
EndProject
Project("{9A19103F-16F7-4668-BE54-9A1E7A4F7556}") = "Orders", "Orders\Orders.csproj", "{75AA6E21-6070-4C46-8627-EEFF0E8E8524}"
EndProject
Project("{FAE04EC0-301F-11D3-BF4B-00C04F79EFBC}") = "SoftUniParking", "SoftUniParking\SoftUniParking.csproj", "{8567DA0C-8990-41F8-9E81-9F2813934CDC}"
EndProject
Project("{FAE04EC0-301F-11D3-BF4B-00C04F79EFBC}") = "Courses", "Courses\Courses.csproj", "{922594BE-41CC-48D2-8198-38C6A209620B}"
EndProject
Project("{FAE04EC0-301F-11D3-BF4B-00C04F79EFBC}") = "StudentAcademy", "StudentAcademy\StudentAcademy.csproj", "{82DFE696-302F-4BBB-87DB-86F87A0ECF18}"
EndProject
Project("{FAE04EC0-301F-11D3-BF4B-00C04F79EFBC}") = "CompanyUsers", "CompanyUsers\CompanyUsers.csproj", "{2A898691-EF41-4C1D-9D63-BD555B0F7CE4}"
EndProject
Global
	GlobalSection(SolutionConfigurationPlatforms) = preSolution
		Debug|Any CPU = Debug|Any CPU
		Release|Any CPU = Release|Any CPU
	EndGlobalSection
	GlobalSection(ProjectConfigurationPlatforms) = postSolution
		{FA4677EF-19E8-40EB-94AC-4D7B48B589B6}.Debug|Any CPU.ActiveCfg = Debug|Any CPU
		{FA4677EF-19E8-40EB-94AC-4D7B48B589B6}.Debug|Any CPU.Build.0 = Debug|Any CPU
		{FA4677EF-19E8-40EB-94AC-4D7B48B589B6}.Release|Any CPU.ActiveCfg = Release|Any CPU
		{FA4677EF-19E8-40EB-94AC-4D7B48B589B6}.Release|Any CPU.Build.0 = Release|Any CPU
		{5C45BF92-4F66-48D9-AF3F-D961100191C9}.Debug|Any CPU.ActiveCfg = Debug|Any CPU
		{5C45BF92-4F66-48D9-AF3F-D961100191C9}.Debug|Any CPU.Build.0 = Debug|Any CPU
		{5C45BF92-4F66-48D9-AF3F-D961100191C9}.Release|Any CPU.ActiveCfg = Release|Any CPU
		{5C45BF92-4F66-48D9-AF3F-D961100191C9}.Release|Any CPU.Build.0 = Release|Any CPU
		{75AA6E21-6070-4C46-8627-EEFF0E8E8524}.Debug|Any CPU.ActiveCfg = Debug|Any CPU
		{75AA6E21-6070-4C46-8627-EEFF0E8E8524}.Debug|Any CPU.Build.0 = Debug|Any CPU
		{75AA6E21-6070-4C46-8627-EEFF0E8E8524}.Release|Any CPU.ActiveCfg = Release|Any CPU
		{75AA6E21-6070-4C46-8627-EEFF0E8E8524}.Release|Any CPU.Build.0 = Release|Any CPU
		{8567DA0C-8990-41F8-9E81-9F2813934CDC}.Debug|Any CPU.ActiveCfg = Debug|Any CPU
		{8567DA0C-8990-41F8-9E81-9F2813934CDC}.Debug|Any CPU.Build.0 = Debug|Any CPU
		{8567DA0C-8990-41F8-9E81-9F2813934CDC}.Release|Any CPU.ActiveCfg = Release|Any CPU
		{8567DA0C-8990-41F8-9E81-9F2813934CDC}.Release|Any CPU.Build.0 = Release|Any CPU
		{922594BE-41CC-48D2-8198-38C6A209620B}.Debug|Any CPU.ActiveCfg = Debug|Any CPU
		{922594BE-41CC-48D2-8198-38C6A209620B}.Debug|Any CPU.Build.0 = Debug|Any CPU
		{922594BE-41CC-48D2-8198-38C6A209620B}.Release|Any CPU.ActiveCfg = Release|Any CPU
		{922594BE-41CC-48D2-8198-38C6A209620B}.Release|Any CPU.Build.0 = Release|Any CPU
		{82DFE696-302F-4BBB-87DB-86F87A0ECF18}.Debug|Any CPU.ActiveCfg = Debug|Any CPU
		{82DFE696-302F-4BBB-87DB-86F87A0ECF18}.Debug|Any CPU.Build.0 = Debug|Any CPU
		{82DFE696-302F-4BBB-87DB-86F87A0ECF18}.Release|Any CPU.ActiveCfg = Release|Any CPU
		{82DFE696-302F-4BBB-87DB-86F87A0ECF18}.Release|Any CPU.Build.0 = Release|Any CPU
		{2A898691-EF41-4C1D-9D63-BD555B0F7CE4}.Debug|Any CPU.ActiveCfg = Debug|Any CPU
		{2A898691-EF41-4C1D-9D63-BD555B0F7CE4}.Debug|Any CPU.Build.0 = Debug|Any CPU
		{2A898691-EF41-4C1D-9D63-BD555B0F7CE4}.Release|Any CPU.ActiveCfg = Release|Any CPU
		{2A898691-EF41-4C1D-9D63-BD555B0F7CE4}.Release|Any CPU.Build.0 = Release|Any CPU
	EndGlobalSection
	GlobalSection(SolutionProperties) = preSolution
		HideSolutionNode = FALSE
	EndGlobalSection
	GlobalSection(ExtensibilityGlobals) = postSolution
		SolutionGuid = {436F4F70-6F3C-44A4-A78C-9B5497E1B55B}
	EndGlobalSection
EndGlobal
