
Microsoft Visual Studio Solution File, Format Version 12.00
# Visual Studio Version 17
VisualStudioVersion = 17.6.33801.468
MinimumVisualStudioVersion = 10.0.40219.1
Project("{FAE04EC0-301F-11D3-BF4B-00C04F79EFBC}") = "PipesInPool", "PipesInPool\PipesInPool.csproj", "{AB178BFA-E26D-4578-8EDC-1136B1CFE763}"
EndProject
Project("{FAE04EC0-301F-11D3-BF4B-00C04F79EFBC}") = "SleepyTomCat", "SleepyTomCat\SleepyTomCat.csproj", "{0DEE8F73-F934-4F08-92B1-92A91FAE56B7}"
EndProject
Project("{FAE04EC0-301F-11D3-BF4B-00C04F79EFBC}") = "Harvest", "Harvest\Harvest.csproj", "{98457B39-9E7C-46C6-A036-3211209FAED7}"
EndProject
Project("{FAE04EC0-301F-11D3-BF4B-00C04F79EFBC}") = "TransportPrice", "TransportPrice\TransportPrice.csproj", "{B6CB830D-EF6D-45B5-AE54-77E360C60EE0}"
EndProject
Project("{FAE04EC0-301F-11D3-BF4B-00C04F79EFBC}") = "Pets", "Pets\Pets.csproj", "{1E6CC748-5408-4D50-83E0-17944EE5132F}"
EndProject
Project("{FAE04EC0-301F-11D3-BF4B-00C04F79EFBC}") = "FlowerShop", "FlowerShop\FlowerShop.csproj", "{3FB3420E-1AA8-4E47-93EF-CF35AA7C5645}"
EndProject
Global
	GlobalSection(SolutionConfigurationPlatforms) = preSolution
		Debug|Any CPU = Debug|Any CPU
		Release|Any CPU = Release|Any CPU
	EndGlobalSection
	GlobalSection(ProjectConfigurationPlatforms) = postSolution
		{AB178BFA-E26D-4578-8EDC-1136B1CFE763}.Debug|Any CPU.ActiveCfg = Debug|Any CPU
		{AB178BFA-E26D-4578-8EDC-1136B1CFE763}.Debug|Any CPU.Build.0 = Debug|Any CPU
		{AB178BFA-E26D-4578-8EDC-1136B1CFE763}.Release|Any CPU.ActiveCfg = Release|Any CPU
		{AB178BFA-E26D-4578-8EDC-1136B1CFE763}.Release|Any CPU.Build.0 = Release|Any CPU
		{0DEE8F73-F934-4F08-92B1-92A91FAE56B7}.Debug|Any CPU.ActiveCfg = Debug|Any CPU
		{0DEE8F73-F934-4F08-92B1-92A91FAE56B7}.Debug|Any CPU.Build.0 = Debug|Any CPU
		{0DEE8F73-F934-4F08-92B1-92A91FAE56B7}.Release|Any CPU.ActiveCfg = Release|Any CPU
		{0DEE8F73-F934-4F08-92B1-92A91FAE56B7}.Release|Any CPU.Build.0 = Release|Any CPU
		{98457B39-9E7C-46C6-A036-3211209FAED7}.Debug|Any CPU.ActiveCfg = Debug|Any CPU
		{98457B39-9E7C-46C6-A036-3211209FAED7}.Debug|Any CPU.Build.0 = Debug|Any CPU
		{98457B39-9E7C-46C6-A036-3211209FAED7}.Release|Any CPU.ActiveCfg = Release|Any CPU
		{98457B39-9E7C-46C6-A036-3211209FAED7}.Release|Any CPU.Build.0 = Release|Any CPU
		{B6CB830D-EF6D-45B5-AE54-77E360C60EE0}.Debug|Any CPU.ActiveCfg = Debug|Any CPU
		{B6CB830D-EF6D-45B5-AE54-77E360C60EE0}.Debug|Any CPU.Build.0 = Debug|Any CPU
		{B6CB830D-EF6D-45B5-AE54-77E360C60EE0}.Release|Any CPU.ActiveCfg = Release|Any CPU
		{B6CB830D-EF6D-45B5-AE54-77E360C60EE0}.Release|Any CPU.Build.0 = Release|Any CPU
		{1E6CC748-5408-4D50-83E0-17944EE5132F}.Debug|Any CPU.ActiveCfg = Debug|Any CPU
		{1E6CC748-5408-4D50-83E0-17944EE5132F}.Debug|Any CPU.Build.0 = Debug|Any CPU
		{1E6CC748-5408-4D50-83E0-17944EE5132F}.Release|Any CPU.ActiveCfg = Release|Any CPU
		{1E6CC748-5408-4D50-83E0-17944EE5132F}.Release|Any CPU.Build.0 = Release|Any CPU
		{3FB3420E-1AA8-4E47-93EF-CF35AA7C5645}.Debug|Any CPU.ActiveCfg = Debug|Any CPU
		{3FB3420E-1AA8-4E47-93EF-CF35AA7C5645}.Debug|Any CPU.Build.0 = Debug|Any CPU
		{3FB3420E-1AA8-4E47-93EF-CF35AA7C5645}.Release|Any CPU.ActiveCfg = Release|Any CPU
		{3FB3420E-1AA8-4E47-93EF-CF35AA7C5645}.Release|Any CPU.Build.0 = Release|Any CPU
	EndGlobalSection
	GlobalSection(SolutionProperties) = preSolution
		HideSolutionNode = FALSE
	EndGlobalSection
	GlobalSection(ExtensibilityGlobals) = postSolution
		SolutionGuid = {4B349B16-0A80-462B-B809-1BDECD702739}
	EndGlobalSection
EndGlobal
