
Microsoft Visual Studio Solution File, Format Version 12.00
# Visual Studio Version 17
VisualStudioVersion = 17.6.33801.468
MinimumVisualStudioVersion = 10.0.40219.1
Project("{FAE04EC0-301F-11D3-BF4B-00C04F79EFBC}") = "PipesInPool", "PipesInPool\PipesInPool.csproj", "{AB178BFA-E26D-4578-8EDC-1136B1CFE763}"
EndProject
Project("{FAE04EC0-301F-11D3-BF4B-00C04F79EFBC}") = "SleepyTomCat", "SleepyTomCat\SleepyTomCat.csproj", "{0DEE8F73-F934-4F08-92B1-92A91FAE56B7}"
EndProject
Global
	GlobalSection(SolutionConfigurationPlatforms) = preSolution
		Debug|Any CPU = Debug|Any CPU
		Release|Any CPU = Release|Any CPU
	EndGlobalSection
	GlobalSection(ProjectConfigurationPlatforms) = postSolution
		{AB178BFA-E26D-4578-8EDC-1136B1CFE763}.Debug|Any CPU.ActiveCfg = Debug|Any CPU
		{AB178BFA-E26D-4578-8EDC-1136B1CFE763}.Debug|Any CPU.Build.0 = Debug|Any CPU
		{AB178BFA-E26D-4578-8EDC-1136B1CFE763}.Release|Any CPU.ActiveCfg = Release|Any CPU
		{AB178BFA-E26D-4578-8EDC-1136B1CFE763}.Release|Any CPU.Build.0 = Release|Any CPU
		{0DEE8F73-F934-4F08-92B1-92A91FAE56B7}.Debug|Any CPU.ActiveCfg = Debug|Any CPU
		{0DEE8F73-F934-4F08-92B1-92A91FAE56B7}.Debug|Any CPU.Build.0 = Debug|Any CPU
		{0DEE8F73-F934-4F08-92B1-92A91FAE56B7}.Release|Any CPU.ActiveCfg = Release|Any CPU
		{0DEE8F73-F934-4F08-92B1-92A91FAE56B7}.Release|Any CPU.Build.0 = Release|Any CPU
	EndGlobalSection
	GlobalSection(SolutionProperties) = preSolution
		HideSolutionNode = FALSE
	EndGlobalSection
	GlobalSection(ExtensibilityGlobals) = postSolution
		SolutionGuid = {4B349B16-0A80-462B-B809-1BDECD702739}
	EndGlobalSection
EndGlobal
