
Microsoft Visual Studio Solution File, Format Version 12.00
# Visual Studio Version 17
VisualStudioVersion = 17.6.33829.357
MinimumVisualStudioVersion = 10.0.40219.1
Project("{FAE04EC0-301F-11D3-BF4B-00C04F79EFBC}") = "StudentInformation", "StudentInformation\StudentInformation.csproj", "{0DEDF461-A05E-4A8B-B477-AEBA45D927BF}"
EndProject
Global
	GlobalSection(SolutionConfigurationPlatforms) = preSolution
		Debug|Any CPU = Debug|Any CPU
		Release|Any CPU = Release|Any CPU
	EndGlobalSection
	GlobalSection(ProjectConfigurationPlatforms) = postSolution
		{0DEDF461-A05E-4A8B-B477-AEBA45D927BF}.Debug|Any CPU.ActiveCfg = Debug|Any CPU
		{0DEDF461-A05E-4A8B-B477-AEBA45D927BF}.Debug|Any CPU.Build.0 = Debug|Any CPU
		{0DEDF461-A05E-4A8B-B477-AEBA45D927BF}.Release|Any CPU.ActiveCfg = Release|Any CPU
		{0DEDF461-A05E-4A8B-B477-AEBA45D927BF}.Release|Any CPU.Build.0 = Release|Any CPU
	EndGlobalSection
	GlobalSection(SolutionProperties) = preSolution
		HideSolutionNode = FALSE
	EndGlobalSection
	GlobalSection(ExtensibilityGlobals) = postSolution
		SolutionGuid = {89900017-64B3-44C8-9F37-9FE0B8B86341}
	EndGlobalSection
EndGlobal
