
Microsoft Visual Studio Solution File, Format Version 12.00
# Visual Studio Version 17
VisualStudioVersion = 17.4.33213.308
MinimumVisualStudioVersion = 10.0.40219.1
Project("{9A19103F-16F7-4668-BE54-9A1E7A4F7556}") = "02. Half Sum Element", "02. Half Sum Element\02. Half Sum Element.csproj", "{4919009D-5C17-4D3E-9FC0-E9E9D3AF41E0}"
EndProject
Project("{9A19103F-16F7-4668-BE54-9A1E7A4F7556}") = "03. Histogram", "03. Histogram\03. Histogram.csproj", "{1A02129E-4BBD-483D-8A6C-266B6805AFE6}"
EndProject
Project("{9A19103F-16F7-4668-BE54-9A1E7A4F7556}") = "05. Salary", "05. Salary\05. Salary.csproj", "{24E8D13A-F9A3-4B31-B012-06E9D6405AE9}"
EndProject
Project("{9A19103F-16F7-4668-BE54-9A1E7A4F7556}") = "04. Clever Lily", "04. Clever Lily\04. Clever Lily.csproj", "{B0D17B00-FD65-4E83-BA72-399C902E9217}"
EndProject
Project("{9A19103F-16F7-4668-BE54-9A1E7A4F7556}") = "01. Numbers Ending in 7", "01. Numbers Ending in 7\01. Numbers Ending in 7.csproj", "{950B4AF3-980E-4F4D-AFD0-A3EC9F38DE83}"
EndProject
Project("{9A19103F-16F7-4668-BE54-9A1E7A4F7556}") = "06. Oscars", "06. Oscars\06. Oscars.csproj", "{A0128C98-3525-417A-A247-265215C6CAF1}"
EndProject
Project("{9A19103F-16F7-4668-BE54-9A1E7A4F7556}") = "07. Trekking Mania", "07. Trekking Mania\07. Trekking Mania.csproj", "{274EE4BD-0725-417D-A566-51FEADA99D2F}"
EndProject
Project("{9A19103F-16F7-4668-BE54-9A1E7A4F7556}") = "08. Tennis Ranklist", "08. Tennis Ranklist\08. Tennis Ranklist.csproj", "{310DDD65-2DAB-4B5E-94BB-5FFF7B9E12D2}"
EndProject
Global
	GlobalSection(SolutionConfigurationPlatforms) = preSolution
		Debug|Any CPU = Debug|Any CPU
		Release|Any CPU = Release|Any CPU
	EndGlobalSection
	GlobalSection(ProjectConfigurationPlatforms) = postSolution
		{4919009D-5C17-4D3E-9FC0-E9E9D3AF41E0}.Debug|Any CPU.ActiveCfg = Debug|Any CPU
		{4919009D-5C17-4D3E-9FC0-E9E9D3AF41E0}.Debug|Any CPU.Build.0 = Debug|Any CPU
		{4919009D-5C17-4D3E-9FC0-E9E9D3AF41E0}.Release|Any CPU.ActiveCfg = Release|Any CPU
		{4919009D-5C17-4D3E-9FC0-E9E9D3AF41E0}.Release|Any CPU.Build.0 = Release|Any CPU
		{1A02129E-4BBD-483D-8A6C-266B6805AFE6}.Debug|Any CPU.ActiveCfg = Debug|Any CPU
		{1A02129E-4BBD-483D-8A6C-266B6805AFE6}.Debug|Any CPU.Build.0 = Debug|Any CPU
		{1A02129E-4BBD-483D-8A6C-266B6805AFE6}.Release|Any CPU.ActiveCfg = Release|Any CPU
		{1A02129E-4BBD-483D-8A6C-266B6805AFE6}.Release|Any CPU.Build.0 = Release|Any CPU
		{24E8D13A-F9A3-4B31-B012-06E9D6405AE9}.Debug|Any CPU.ActiveCfg = Debug|Any CPU
		{24E8D13A-F9A3-4B31-B012-06E9D6405AE9}.Debug|Any CPU.Build.0 = Debug|Any CPU
		{24E8D13A-F9A3-4B31-B012-06E9D6405AE9}.Release|Any CPU.ActiveCfg = Release|Any CPU
		{24E8D13A-F9A3-4B31-B012-06E9D6405AE9}.Release|Any CPU.Build.0 = Release|Any CPU
		{B0D17B00-FD65-4E83-BA72-399C902E9217}.Debug|Any CPU.ActiveCfg = Debug|Any CPU
		{B0D17B00-FD65-4E83-BA72-399C902E9217}.Debug|Any CPU.Build.0 = Debug|Any CPU
		{B0D17B00-FD65-4E83-BA72-399C902E9217}.Release|Any CPU.ActiveCfg = Release|Any CPU
		{B0D17B00-FD65-4E83-BA72-399C902E9217}.Release|Any CPU.Build.0 = Release|Any CPU
		{950B4AF3-980E-4F4D-AFD0-A3EC9F38DE83}.Debug|Any CPU.ActiveCfg = Debug|Any CPU
		{950B4AF3-980E-4F4D-AFD0-A3EC9F38DE83}.Debug|Any CPU.Build.0 = Debug|Any CPU
		{950B4AF3-980E-4F4D-AFD0-A3EC9F38DE83}.Release|Any CPU.ActiveCfg = Release|Any CPU
		{950B4AF3-980E-4F4D-AFD0-A3EC9F38DE83}.Release|Any CPU.Build.0 = Release|Any CPU
		{A0128C98-3525-417A-A247-265215C6CAF1}.Debug|Any CPU.ActiveCfg = Debug|Any CPU
		{A0128C98-3525-417A-A247-265215C6CAF1}.Debug|Any CPU.Build.0 = Debug|Any CPU
		{A0128C98-3525-417A-A247-265215C6CAF1}.Release|Any CPU.ActiveCfg = Release|Any CPU
		{A0128C98-3525-417A-A247-265215C6CAF1}.Release|Any CPU.Build.0 = Release|Any CPU
		{274EE4BD-0725-417D-A566-51FEADA99D2F}.Debug|Any CPU.ActiveCfg = Debug|Any CPU
		{274EE4BD-0725-417D-A566-51FEADA99D2F}.Debug|Any CPU.Build.0 = Debug|Any CPU
		{274EE4BD-0725-417D-A566-51FEADA99D2F}.Release|Any CPU.ActiveCfg = Release|Any CPU
		{274EE4BD-0725-417D-A566-51FEADA99D2F}.Release|Any CPU.Build.0 = Release|Any CPU
		{310DDD65-2DAB-4B5E-94BB-5FFF7B9E12D2}.Debug|Any CPU.ActiveCfg = Debug|Any CPU
		{310DDD65-2DAB-4B5E-94BB-5FFF7B9E12D2}.Debug|Any CPU.Build.0 = Debug|Any CPU
		{310DDD65-2DAB-4B5E-94BB-5FFF7B9E12D2}.Release|Any CPU.ActiveCfg = Release|Any CPU
		{310DDD65-2DAB-4B5E-94BB-5FFF7B9E12D2}.Release|Any CPU.Build.0 = Release|Any CPU
	EndGlobalSection
	GlobalSection(SolutionProperties) = preSolution
		HideSolutionNode = FALSE
	EndGlobalSection
	GlobalSection(ExtensibilityGlobals) = postSolution
		SolutionGuid = {BC8E603B-C3D3-421B-ABE7-91193F5CDAD2}
	EndGlobalSection
EndGlobal
