
Microsoft Visual Studio Solution File, Format Version 12.00
# Visual Studio Version 17
VisualStudioVersion = 17.11.35222.181
MinimumVisualStudioVersion = 10.0.40219.1
Project("{9A19103F-16F7-4668-BE54-9A1E7A4F7556}") = "TheLift", "TheLift\TheLift.csproj", "{B68500BB-B772-445B-A7A3-D0E24BAA63FD}"
EndProject
Project("{9A19103F-16F7-4668-BE54-9A1E7A4F7556}") = "GuineaPig", "GuineaPig\GuineaPig.csproj", "{D6215A77-E89E-485A-ABC6-6E56FBBBF64E}"
EndProject
Project("{9A19103F-16F7-4668-BE54-9A1E7A4F7556}") = "MovingTarget", "MovingTarget\MovingTarget.csproj", "{AB2AD810-F44A-4B3D-B895-EB0711061FFA}"
EndProject
Project("{FAE04EC0-301F-11D3-BF4B-00C04F79EFBC}") = "ComputerStore", "ComputerStore\ComputerStore.csproj", "{B43D79F7-E2EA-44BB-ACE4-7EB201F5C919}"
EndProject
Global
	GlobalSection(SolutionConfigurationPlatforms) = preSolution
		Debug|Any CPU = Debug|Any CPU
		Release|Any CPU = Release|Any CPU
	EndGlobalSection
	GlobalSection(ProjectConfigurationPlatforms) = postSolution
		{B68500BB-B772-445B-A7A3-D0E24BAA63FD}.Debug|Any CPU.ActiveCfg = Debug|Any CPU
		{B68500BB-B772-445B-A7A3-D0E24BAA63FD}.Debug|Any CPU.Build.0 = Debug|Any CPU
		{B68500BB-B772-445B-A7A3-D0E24BAA63FD}.Release|Any CPU.ActiveCfg = Release|Any CPU
		{B68500BB-B772-445B-A7A3-D0E24BAA63FD}.Release|Any CPU.Build.0 = Release|Any CPU
		{D6215A77-E89E-485A-ABC6-6E56FBBBF64E}.Debug|Any CPU.ActiveCfg = Debug|Any CPU
		{D6215A77-E89E-485A-ABC6-6E56FBBBF64E}.Debug|Any CPU.Build.0 = Debug|Any CPU
		{D6215A77-E89E-485A-ABC6-6E56FBBBF64E}.Release|Any CPU.ActiveCfg = Release|Any CPU
		{D6215A77-E89E-485A-ABC6-6E56FBBBF64E}.Release|Any CPU.Build.0 = Release|Any CPU
		{AB2AD810-F44A-4B3D-B895-EB0711061FFA}.Debug|Any CPU.ActiveCfg = Debug|Any CPU
		{AB2AD810-F44A-4B3D-B895-EB0711061FFA}.Debug|Any CPU.Build.0 = Debug|Any CPU
		{AB2AD810-F44A-4B3D-B895-EB0711061FFA}.Release|Any CPU.ActiveCfg = Release|Any CPU
		{AB2AD810-F44A-4B3D-B895-EB0711061FFA}.Release|Any CPU.Build.0 = Release|Any CPU
		{B43D79F7-E2EA-44BB-ACE4-7EB201F5C919}.Debug|Any CPU.ActiveCfg = Debug|Any CPU
		{B43D79F7-E2EA-44BB-ACE4-7EB201F5C919}.Debug|Any CPU.Build.0 = Debug|Any CPU
		{B43D79F7-E2EA-44BB-ACE4-7EB201F5C919}.Release|Any CPU.ActiveCfg = Release|Any CPU
		{B43D79F7-E2EA-44BB-ACE4-7EB201F5C919}.Release|Any CPU.Build.0 = Release|Any CPU
	EndGlobalSection
	GlobalSection(SolutionProperties) = preSolution
		HideSolutionNode = FALSE
	EndGlobalSection
	GlobalSection(ExtensibilityGlobals) = postSolution
		SolutionGuid = {505FDEAE-7C81-45AB-B12A-B9A923D37FC3}
	EndGlobalSection
EndGlobal
