
Microsoft Visual Studio Solution File, Format Version 12.00
# Visual Studio Version 17
VisualStudioVersion = 17.11.35222.181
MinimumVisualStudioVersion = 10.0.40219.1
Project("{9A19103F-16F7-4668-BE54-9A1E7A4F7556}") = "PrintingTriangle", "PrintingTriangle\PrintingTriangle.csproj", "{1F71907F-A98C-46D1-B11B-DD2D6C763C5F}"
EndProject
Project("{9A19103F-16F7-4668-BE54-9A1E7A4F7556}") = "FahrenheitToCelsius", "FahrenheitToCelsius\FahrenheitToCelsius.csproj", "{286F534A-6B1D-4644-BD0F-01029518B355}"
EndProject
Project("{9A19103F-16F7-4668-BE54-9A1E7A4F7556}") = "ModifyArray", "ModifyArray\ModifyArray.csproj", "{91C59547-A216-4C09-86E0-06E6D9B576BC}"
EndProject
Project("{9A19103F-16F7-4668-BE54-9A1E7A4F7556}") = "Months", "Months\Months.csproj", "{3F2A17D3-A892-4EE6-A715-900F7AB82953}"
EndProject
Project("{9A19103F-16F7-4668-BE54-9A1E7A4F7556}") = "DataValidation", "DataValidation\DataValidation.csproj", "{52F890D7-F717-419E-845B-6EA2CF6F4194}"
EndProject
Project("{9A19103F-16F7-4668-BE54-9A1E7A4F7556}") = "SortingEngine", "SortingEngine\SortingEngine.csproj", "{F5947F98-8F1B-4840-997B-BC183B05C7F9}"
EndProject
Project("{FAE04EC0-301F-11D3-BF4B-00C04F79EFBC}") = "HelloName", "HelloName\HelloName.csproj", "{AD7B9850-5EB2-4BE6-9A3B-5AD2CF026934}"
EndProject
Project("{FAE04EC0-301F-11D3-BF4B-00C04F79EFBC}") = "MaxOfThreeNumbers", "MaxOfThreeNumbers\MaxOfThreeNumbers.csproj", "{F718F5FE-3729-4678-BF0E-9668CA3D5EF1}"
EndProject
Project("{FAE04EC0-301F-11D3-BF4B-00C04F79EFBC}") = "DigitToString", "DigitToString\DigitToString.csproj", "{4ED8E88D-3719-45CA-A897-ED37928A1A51}"
EndProject
Project("{FAE04EC0-301F-11D3-BF4B-00C04F79EFBC}") = "DigitContainsInArray", "DigitContainsInArray\DigitContainsInArray.csproj", "{B41E3319-8A05-478A-8EFE-C7014951F762}"
EndProject
Global
	GlobalSection(SolutionConfigurationPlatforms) = preSolution
		Debug|Any CPU = Debug|Any CPU
		Release|Any CPU = Release|Any CPU
	EndGlobalSection
	GlobalSection(ProjectConfigurationPlatforms) = postSolution
		{1F71907F-A98C-46D1-B11B-DD2D6C763C5F}.Debug|Any CPU.ActiveCfg = Debug|Any CPU
		{1F71907F-A98C-46D1-B11B-DD2D6C763C5F}.Debug|Any CPU.Build.0 = Debug|Any CPU
		{1F71907F-A98C-46D1-B11B-DD2D6C763C5F}.Release|Any CPU.ActiveCfg = Release|Any CPU
		{1F71907F-A98C-46D1-B11B-DD2D6C763C5F}.Release|Any CPU.Build.0 = Release|Any CPU
		{286F534A-6B1D-4644-BD0F-01029518B355}.Debug|Any CPU.ActiveCfg = Debug|Any CPU
		{286F534A-6B1D-4644-BD0F-01029518B355}.Debug|Any CPU.Build.0 = Debug|Any CPU
		{286F534A-6B1D-4644-BD0F-01029518B355}.Release|Any CPU.ActiveCfg = Release|Any CPU
		{286F534A-6B1D-4644-BD0F-01029518B355}.Release|Any CPU.Build.0 = Release|Any CPU
		{91C59547-A216-4C09-86E0-06E6D9B576BC}.Debug|Any CPU.ActiveCfg = Debug|Any CPU
		{91C59547-A216-4C09-86E0-06E6D9B576BC}.Debug|Any CPU.Build.0 = Debug|Any CPU
		{91C59547-A216-4C09-86E0-06E6D9B576BC}.Release|Any CPU.ActiveCfg = Release|Any CPU
		{91C59547-A216-4C09-86E0-06E6D9B576BC}.Release|Any CPU.Build.0 = Release|Any CPU
		{3F2A17D3-A892-4EE6-A715-900F7AB82953}.Debug|Any CPU.ActiveCfg = Debug|Any CPU
		{3F2A17D3-A892-4EE6-A715-900F7AB82953}.Debug|Any CPU.Build.0 = Debug|Any CPU
		{3F2A17D3-A892-4EE6-A715-900F7AB82953}.Release|Any CPU.ActiveCfg = Release|Any CPU
		{3F2A17D3-A892-4EE6-A715-900F7AB82953}.Release|Any CPU.Build.0 = Release|Any CPU
		{52F890D7-F717-419E-845B-6EA2CF6F4194}.Debug|Any CPU.ActiveCfg = Debug|Any CPU
		{52F890D7-F717-419E-845B-6EA2CF6F4194}.Debug|Any CPU.Build.0 = Debug|Any CPU
		{52F890D7-F717-419E-845B-6EA2CF6F4194}.Release|Any CPU.ActiveCfg = Release|Any CPU
		{52F890D7-F717-419E-845B-6EA2CF6F4194}.Release|Any CPU.Build.0 = Release|Any CPU
		{F5947F98-8F1B-4840-997B-BC183B05C7F9}.Debug|Any CPU.ActiveCfg = Debug|Any CPU
		{F5947F98-8F1B-4840-997B-BC183B05C7F9}.Debug|Any CPU.Build.0 = Debug|Any CPU
		{F5947F98-8F1B-4840-997B-BC183B05C7F9}.Release|Any CPU.ActiveCfg = Release|Any CPU
		{F5947F98-8F1B-4840-997B-BC183B05C7F9}.Release|Any CPU.Build.0 = Release|Any CPU
		{AD7B9850-5EB2-4BE6-9A3B-5AD2CF026934}.Debug|Any CPU.ActiveCfg = Debug|Any CPU
		{AD7B9850-5EB2-4BE6-9A3B-5AD2CF026934}.Debug|Any CPU.Build.0 = Debug|Any CPU
		{AD7B9850-5EB2-4BE6-9A3B-5AD2CF026934}.Release|Any CPU.ActiveCfg = Release|Any CPU
		{AD7B9850-5EB2-4BE6-9A3B-5AD2CF026934}.Release|Any CPU.Build.0 = Release|Any CPU
		{F718F5FE-3729-4678-BF0E-9668CA3D5EF1}.Debug|Any CPU.ActiveCfg = Debug|Any CPU
		{F718F5FE-3729-4678-BF0E-9668CA3D5EF1}.Debug|Any CPU.Build.0 = Debug|Any CPU
		{F718F5FE-3729-4678-BF0E-9668CA3D5EF1}.Release|Any CPU.ActiveCfg = Release|Any CPU
		{F718F5FE-3729-4678-BF0E-9668CA3D5EF1}.Release|Any CPU.Build.0 = Release|Any CPU
		{4ED8E88D-3719-45CA-A897-ED37928A1A51}.Debug|Any CPU.ActiveCfg = Debug|Any CPU
		{4ED8E88D-3719-45CA-A897-ED37928A1A51}.Debug|Any CPU.Build.0 = Debug|Any CPU
		{4ED8E88D-3719-45CA-A897-ED37928A1A51}.Release|Any CPU.ActiveCfg = Release|Any CPU
		{4ED8E88D-3719-45CA-A897-ED37928A1A51}.Release|Any CPU.Build.0 = Release|Any CPU
		{B41E3319-8A05-478A-8EFE-C7014951F762}.Debug|Any CPU.ActiveCfg = Debug|Any CPU
		{B41E3319-8A05-478A-8EFE-C7014951F762}.Debug|Any CPU.Build.0 = Debug|Any CPU
		{B41E3319-8A05-478A-8EFE-C7014951F762}.Release|Any CPU.ActiveCfg = Release|Any CPU
		{B41E3319-8A05-478A-8EFE-C7014951F762}.Release|Any CPU.Build.0 = Release|Any CPU
	EndGlobalSection
	GlobalSection(SolutionProperties) = preSolution
		HideSolutionNode = FALSE
	EndGlobalSection
	GlobalSection(ExtensibilityGlobals) = postSolution
		SolutionGuid = {F62D54FA-1956-49B9-92AE-9796C9F74505}
	EndGlobalSection
EndGlobal
