
Microsoft Visual Studio Solution File, Format Version 12.00
# Visual Studio Version 17
VisualStudioVersion = 17.5.33530.505
MinimumVisualStudioVersion = 10.0.40219.1
Project("{FAE04EC0-301F-11D3-BF4B-00C04F79EFBC}") = "01. Hello C#", "01. Hello C#\01. Hello C#.csproj", "{90E0B3C7-C6DA-4CD1-9C41-1AE88BA92A75}"
EndProject
Project("{FAE04EC0-301F-11D3-BF4B-00C04F79EFBC}") = "02. Expression", "02. Expression\02. Expression.csproj", "{9F66AF6C-8EB3-4FC5-BE46-1FF8757DF1F6}"
EndProject
Global
	GlobalSection(SolutionConfigurationPlatforms) = preSolution
		Debug|Any CPU = Debug|Any CPU
		Release|Any CPU = Release|Any CPU
	EndGlobalSection
	GlobalSection(ProjectConfigurationPlatforms) = postSolution
		{90E0B3C7-C6DA-4CD1-9C41-1AE88BA92A75}.Debug|Any CPU.ActiveCfg = Debug|Any CPU
		{90E0B3C7-C6DA-4CD1-9C41-1AE88BA92A75}.Debug|Any CPU.Build.0 = Debug|Any CPU
		{90E0B3C7-C6DA-4CD1-9C41-1AE88BA92A75}.Release|Any CPU.ActiveCfg = Release|Any CPU
		{90E0B3C7-C6DA-4CD1-9C41-1AE88BA92A75}.Release|Any CPU.Build.0 = Release|Any CPU
		{9F66AF6C-8EB3-4FC5-BE46-1FF8757DF1F6}.Debug|Any CPU.ActiveCfg = Debug|Any CPU
		{9F66AF6C-8EB3-4FC5-BE46-1FF8757DF1F6}.Debug|Any CPU.Build.0 = Debug|Any CPU
		{9F66AF6C-8EB3-4FC5-BE46-1FF8757DF1F6}.Release|Any CPU.ActiveCfg = Release|Any CPU
		{9F66AF6C-8EB3-4FC5-BE46-1FF8757DF1F6}.Release|Any CPU.Build.0 = Release|Any CPU
	EndGlobalSection
	GlobalSection(SolutionProperties) = preSolution
		HideSolutionNode = FALSE
	EndGlobalSection
	GlobalSection(ExtensibilityGlobals) = postSolution
		SolutionGuid = {09C4919A-4E5B-4068-82E5-8FC10FEDBDA2}
	EndGlobalSection
EndGlobal
