
Microsoft Visual Studio Solution File, Format Version 12.00
# Visual Studio Version 17
VisualStudioVersion = 17.6.33829.357
MinimumVisualStudioVersion = 10.0.40219.1
Project("{FAE04EC0-301F-11D3-BF4B-00C04F79EFBC}") = "Distance", "Distance\Distance.csproj", "{C548AC13-0CAA-4763-995E-AD7DE770AE80}"
EndProject
Project("{FAE04EC0-301F-11D3-BF4B-00C04F79EFBC}") = "ChangeTiles", "ChangeTiles\ChangeTiles.csproj", "{813590C0-7ABB-4AB1-ADD3-9B23ED70CD54}"
EndProject
Project("{FAE04EC0-301F-11D3-BF4B-00C04F79EFBC}") = "Flowers", "Flowers\Flowers.csproj", "{75C4900D-0692-4AAA-A984-1C0F312EB65A}"
EndProject
Project("{FAE04EC0-301F-11D3-BF4B-00C04F79EFBC}") = "Grades", "Grades\Grades.csproj", "{6515F400-BEBB-47E3-955E-61AB28260CDB}"
EndProject
Project("{FAE04EC0-301F-11D3-BF4B-00C04F79EFBC}") = "ChristmasHat", "ChristmasHat\ChristmasHat.csproj", "{E0D11C45-3E2D-47B7-8583-E665E3100341}"
EndProject
Project("{FAE04EC0-301F-11D3-BF4B-00C04F79EFBC}") = "LettersCombinations", "LettersCombinations\LettersCombinations.csproj", "{C661267A-CA34-48E4-B9F3-DD82FF458195}"
EndProject
Global
	GlobalSection(SolutionConfigurationPlatforms) = preSolution
		Debug|Any CPU = Debug|Any CPU
		Release|Any CPU = Release|Any CPU
	EndGlobalSection
	GlobalSection(ProjectConfigurationPlatforms) = postSolution
		{C548AC13-0CAA-4763-995E-AD7DE770AE80}.Debug|Any CPU.ActiveCfg = Debug|Any CPU
		{C548AC13-0CAA-4763-995E-AD7DE770AE80}.Debug|Any CPU.Build.0 = Debug|Any CPU
		{C548AC13-0CAA-4763-995E-AD7DE770AE80}.Release|Any CPU.ActiveCfg = Release|Any CPU
		{C548AC13-0CAA-4763-995E-AD7DE770AE80}.Release|Any CPU.Build.0 = Release|Any CPU
		{813590C0-7ABB-4AB1-ADD3-9B23ED70CD54}.Debug|Any CPU.ActiveCfg = Debug|Any CPU
		{813590C0-7ABB-4AB1-ADD3-9B23ED70CD54}.Debug|Any CPU.Build.0 = Debug|Any CPU
		{813590C0-7ABB-4AB1-ADD3-9B23ED70CD54}.Release|Any CPU.ActiveCfg = Release|Any CPU
		{813590C0-7ABB-4AB1-ADD3-9B23ED70CD54}.Release|Any CPU.Build.0 = Release|Any CPU
		{75C4900D-0692-4AAA-A984-1C0F312EB65A}.Debug|Any CPU.ActiveCfg = Debug|Any CPU
		{75C4900D-0692-4AAA-A984-1C0F312EB65A}.Debug|Any CPU.Build.0 = Debug|Any CPU
		{75C4900D-0692-4AAA-A984-1C0F312EB65A}.Release|Any CPU.ActiveCfg = Release|Any CPU
		{75C4900D-0692-4AAA-A984-1C0F312EB65A}.Release|Any CPU.Build.0 = Release|Any CPU
		{6515F400-BEBB-47E3-955E-61AB28260CDB}.Debug|Any CPU.ActiveCfg = Debug|Any CPU
		{6515F400-BEBB-47E3-955E-61AB28260CDB}.Debug|Any CPU.Build.0 = Debug|Any CPU
		{6515F400-BEBB-47E3-955E-61AB28260CDB}.Release|Any CPU.ActiveCfg = Release|Any CPU
		{6515F400-BEBB-47E3-955E-61AB28260CDB}.Release|Any CPU.Build.0 = Release|Any CPU
		{E0D11C45-3E2D-47B7-8583-E665E3100341}.Debug|Any CPU.ActiveCfg = Debug|Any CPU
		{E0D11C45-3E2D-47B7-8583-E665E3100341}.Debug|Any CPU.Build.0 = Debug|Any CPU
		{E0D11C45-3E2D-47B7-8583-E665E3100341}.Release|Any CPU.ActiveCfg = Release|Any CPU
		{E0D11C45-3E2D-47B7-8583-E665E3100341}.Release|Any CPU.Build.0 = Release|Any CPU
		{C661267A-CA34-48E4-B9F3-DD82FF458195}.Debug|Any CPU.ActiveCfg = Debug|Any CPU
		{C661267A-CA34-48E4-B9F3-DD82FF458195}.Debug|Any CPU.Build.0 = Debug|Any CPU
		{C661267A-CA34-48E4-B9F3-DD82FF458195}.Release|Any CPU.ActiveCfg = Release|Any CPU
		{C661267A-CA34-48E4-B9F3-DD82FF458195}.Release|Any CPU.Build.0 = Release|Any CPU
	EndGlobalSection
	GlobalSection(SolutionProperties) = preSolution
		HideSolutionNode = FALSE
	EndGlobalSection
	GlobalSection(ExtensibilityGlobals) = postSolution
		SolutionGuid = {D2E6BABB-F33A-4709-B2CA-DE86DD5B600C}
	EndGlobalSection
EndGlobal
