
Microsoft Visual Studio Solution File, Format Version 12.00
# Visual Studio Version 17
VisualStudioVersion = 17.6.33829.357
MinimumVisualStudioVersion = 10.0.40219.1
Project("{FAE04EC0-301F-11D3-BF4B-00C04F79EFBC}") = "Distance", "Distance\Distance.csproj", "{C548AC13-0CAA-4763-995E-AD7DE770AE80}"
EndProject
Global
	GlobalSection(SolutionConfigurationPlatforms) = preSolution
		Debug|Any CPU = Debug|Any CPU
		Release|Any CPU = Release|Any CPU
	EndGlobalSection
	GlobalSection(ProjectConfigurationPlatforms) = postSolution
		{C548AC13-0CAA-4763-995E-AD7DE770AE80}.Debug|Any CPU.ActiveCfg = Debug|Any CPU
		{C548AC13-0CAA-4763-995E-AD7DE770AE80}.Debug|Any CPU.Build.0 = Debug|Any CPU
		{C548AC13-0CAA-4763-995E-AD7DE770AE80}.Release|Any CPU.ActiveCfg = Release|Any CPU
		{C548AC13-0CAA-4763-995E-AD7DE770AE80}.Release|Any CPU.Build.0 = Release|Any CPU
	EndGlobalSection
	GlobalSection(SolutionProperties) = preSolution
		HideSolutionNode = FALSE
	EndGlobalSection
	GlobalSection(ExtensibilityGlobals) = postSolution
		SolutionGuid = {D2E6BABB-F33A-4709-B2CA-DE86DD5B600C}
	EndGlobalSection
EndGlobal
