
Microsoft Visual Studio Solution File, Format Version 12.00
# Visual Studio Version 17
VisualStudioVersion = 17.6.33829.357
MinimumVisualStudioVersion = 10.0.40219.1
Project("{FAE04EC0-301F-11D3-BF4B-00C04F79EFBC}") = "Train", "Train\Train.csproj", "{06D3C189-7678-4F34-9885-1926E6F5E57E}"
EndProject
Global
	GlobalSection(SolutionConfigurationPlatforms) = preSolution
		Debug|Any CPU = Debug|Any CPU
		Release|Any CPU = Release|Any CPU
	EndGlobalSection
	GlobalSection(ProjectConfigurationPlatforms) = postSolution
		{06D3C189-7678-4F34-9885-1926E6F5E57E}.Debug|Any CPU.ActiveCfg = Debug|Any CPU
		{06D3C189-7678-4F34-9885-1926E6F5E57E}.Debug|Any CPU.Build.0 = Debug|Any CPU
		{06D3C189-7678-4F34-9885-1926E6F5E57E}.Release|Any CPU.ActiveCfg = Release|Any CPU
		{06D3C189-7678-4F34-9885-1926E6F5E57E}.Release|Any CPU.Build.0 = Release|Any CPU
	EndGlobalSection
	GlobalSection(SolutionProperties) = preSolution
		HideSolutionNode = FALSE
	EndGlobalSection
	GlobalSection(ExtensibilityGlobals) = postSolution
		SolutionGuid = {08D1F79D-83E8-4B12-814D-F7970A40A995}
	EndGlobalSection
EndGlobal
