
Microsoft Visual Studio Solution File, Format Version 12.00
# Visual Studio Version 17
VisualStudioVersion = 17.6.33801.468
MinimumVisualStudioVersion = 10.0.40219.1
Project("{FAE04EC0-301F-11D3-BF4B-00C04F79EFBC}") = "AssigningValues", "AssigningValues\AssigningValues.csproj", "{03016FE3-76E5-4AA3-9353-38B4367C9D36}"
EndProject
Project("{FAE04EC0-301F-11D3-BF4B-00C04F79EFBC}") = "BooleanType", "BooleanType\BooleanType.csproj", "{4E548F92-FCBD-402E-97C0-C1CCCA9E2836}"
EndProject
Project("{FAE04EC0-301F-11D3-BF4B-00C04F79EFBC}") = "Characters", "Characters\Characters.csproj", "{6279A523-9F5F-4468-933D-024D1EF0B368}"
EndProject
Project("{FAE04EC0-301F-11D3-BF4B-00C04F79EFBC}") = "FloatingPointTypes", "FloatingPointTypes\FloatingPointTypes.csproj", "{E742BBE3-0474-4B28-86B9-8313C0786569}"
EndProject
Project("{FAE04EC0-301F-11D3-BF4B-00C04F79EFBC}") = "IntegerTypes", "IntegerTypes\IntegerTypes.csproj", "{CE0A8185-3AC5-411F-9082-E617CCBDB119}"
EndProject
Project("{FAE04EC0-301F-11D3-BF4B-00C04F79EFBC}") = "NullableTypes", "NullableTypes\NullableTypes.csproj", "{103AC12A-F67F-4A31-9045-EB26767C81A0}"
EndProject
Project("{FAE04EC0-301F-11D3-BF4B-00C04F79EFBC}") = "Objects", "Objects\Objects.csproj", "{C176EC49-3CD6-4DB2-8271-6D5054F111D5}"
EndProject
Project("{FAE04EC0-301F-11D3-BF4B-00C04F79EFBC}") = "StringLiterals", "StringLiterals\StringLiterals.csproj", "{21AEC45A-1D55-4887-901F-EC46DFFEC68B}"
EndProject
Project("{FAE04EC0-301F-11D3-BF4B-00C04F79EFBC}") = "Strings", "Strings\Strings.csproj", "{3662370B-0905-4BEC-BE92-E594CCB15F3A}"
EndProject
Global
	GlobalSection(SolutionConfigurationPlatforms) = preSolution
		Debug|Any CPU = Debug|Any CPU
		Release|Any CPU = Release|Any CPU
	EndGlobalSection
	GlobalSection(ProjectConfigurationPlatforms) = postSolution
		{03016FE3-76E5-4AA3-9353-38B4367C9D36}.Debug|Any CPU.ActiveCfg = Debug|Any CPU
		{03016FE3-76E5-4AA3-9353-38B4367C9D36}.Debug|Any CPU.Build.0 = Debug|Any CPU
		{03016FE3-76E5-4AA3-9353-38B4367C9D36}.Release|Any CPU.ActiveCfg = Release|Any CPU
		{03016FE3-76E5-4AA3-9353-38B4367C9D36}.Release|Any CPU.Build.0 = Release|Any CPU
		{4E548F92-FCBD-402E-97C0-C1CCCA9E2836}.Debug|Any CPU.ActiveCfg = Debug|Any CPU
		{4E548F92-FCBD-402E-97C0-C1CCCA9E2836}.Debug|Any CPU.Build.0 = Debug|Any CPU
		{4E548F92-FCBD-402E-97C0-C1CCCA9E2836}.Release|Any CPU.ActiveCfg = Release|Any CPU
		{4E548F92-FCBD-402E-97C0-C1CCCA9E2836}.Release|Any CPU.Build.0 = Release|Any CPU
		{6279A523-9F5F-4468-933D-024D1EF0B368}.Debug|Any CPU.ActiveCfg = Debug|Any CPU
		{6279A523-9F5F-4468-933D-024D1EF0B368}.Debug|Any CPU.Build.0 = Debug|Any CPU
		{6279A523-9F5F-4468-933D-024D1EF0B368}.Release|Any CPU.ActiveCfg = Release|Any CPU
		{6279A523-9F5F-4468-933D-024D1EF0B368}.Release|Any CPU.Build.0 = Release|Any CPU
		{E742BBE3-0474-4B28-86B9-8313C0786569}.Debug|Any CPU.ActiveCfg = Debug|Any CPU
		{E742BBE3-0474-4B28-86B9-8313C0786569}.Debug|Any CPU.Build.0 = Debug|Any CPU
		{E742BBE3-0474-4B28-86B9-8313C0786569}.Release|Any CPU.ActiveCfg = Release|Any CPU
		{E742BBE3-0474-4B28-86B9-8313C0786569}.Release|Any CPU.Build.0 = Release|Any CPU
		{CE0A8185-3AC5-411F-9082-E617CCBDB119}.Debug|Any CPU.ActiveCfg = Debug|Any CPU
		{CE0A8185-3AC5-411F-9082-E617CCBDB119}.Debug|Any CPU.Build.0 = Debug|Any CPU
		{CE0A8185-3AC5-411F-9082-E617CCBDB119}.Release|Any CPU.ActiveCfg = Release|Any CPU
		{CE0A8185-3AC5-411F-9082-E617CCBDB119}.Release|Any CPU.Build.0 = Release|Any CPU
		{103AC12A-F67F-4A31-9045-EB26767C81A0}.Debug|Any CPU.ActiveCfg = Debug|Any CPU
		{103AC12A-F67F-4A31-9045-EB26767C81A0}.Debug|Any CPU.Build.0 = Debug|Any CPU
		{103AC12A-F67F-4A31-9045-EB26767C81A0}.Release|Any CPU.ActiveCfg = Release|Any CPU
		{103AC12A-F67F-4A31-9045-EB26767C81A0}.Release|Any CPU.Build.0 = Release|Any CPU
		{C176EC49-3CD6-4DB2-8271-6D5054F111D5}.Debug|Any CPU.ActiveCfg = Debug|Any CPU
		{C176EC49-3CD6-4DB2-8271-6D5054F111D5}.Debug|Any CPU.Build.0 = Debug|Any CPU
		{C176EC49-3CD6-4DB2-8271-6D5054F111D5}.Release|Any CPU.ActiveCfg = Release|Any CPU
		{C176EC49-3CD6-4DB2-8271-6D5054F111D5}.Release|Any CPU.Build.0 = Release|Any CPU
		{21AEC45A-1D55-4887-901F-EC46DFFEC68B}.Debug|Any CPU.ActiveCfg = Debug|Any CPU
		{21AEC45A-1D55-4887-901F-EC46DFFEC68B}.Debug|Any CPU.Build.0 = Debug|Any CPU
		{21AEC45A-1D55-4887-901F-EC46DFFEC68B}.Release|Any CPU.ActiveCfg = Release|Any CPU
		{21AEC45A-1D55-4887-901F-EC46DFFEC68B}.Release|Any CPU.Build.0 = Release|Any CPU
		{3662370B-0905-4BEC-BE92-E594CCB15F3A}.Debug|Any CPU.ActiveCfg = Debug|Any CPU
		{3662370B-0905-4BEC-BE92-E594CCB15F3A}.Debug|Any CPU.Build.0 = Debug|Any CPU
		{3662370B-0905-4BEC-BE92-E594CCB15F3A}.Release|Any CPU.ActiveCfg = Release|Any CPU
		{3662370B-0905-4BEC-BE92-E594CCB15F3A}.Release|Any CPU.Build.0 = Release|Any CPU
	EndGlobalSection
	GlobalSection(SolutionProperties) = preSolution
		HideSolutionNode = FALSE
	EndGlobalSection
	GlobalSection(ExtensibilityGlobals) = postSolution
		SolutionGuid = {D0DBBE6C-DA23-4C7D-A7EC-F5B9B84F8658}
	EndGlobalSection
EndGlobal
