
Microsoft Visual Studio Solution File, Format Version 12.00
# Visual Studio Version 17
VisualStudioVersion = 17.11.35222.181
MinimumVisualStudioVersion = 10.0.40219.1
Project("{9A19103F-16F7-4668-BE54-9A1E7A4F7556}") = "RandomizeWords", "RandomizeWords\RandomizeWords.csproj", "{6D899BFC-EA32-440D-864C-2215DA95A13F}"
EndProject
Project("{9A19103F-16F7-4668-BE54-9A1E7A4F7556}") = "BigFactorial", "BigFactorial\BigFactorial.csproj", "{1F27E8E3-8008-424B-BE1E-07B90692AD2F}"
EndProject
Project("{9A19103F-16F7-4668-BE54-9A1E7A4F7556}") = "Songs", "Songs\Songs.csproj", "{AF632EAE-394B-4CC2-8706-CF93608ED07E}"
EndProject
Project("{9A19103F-16F7-4668-BE54-9A1E7A4F7556}") = "Students", "Students\Students.csproj", "{F6E42C77-E8CF-4A86-835F-A267C5135067}"
EndProject
Project("{FAE04EC0-301F-11D3-BF4B-00C04F79EFBC}") = "Students2.0", "Students2.0\Students2.0.csproj", "{B38A54C1-1FCD-4203-82C8-CA8740497FFA}"
EndProject
Global
	GlobalSection(SolutionConfigurationPlatforms) = preSolution
		Debug|Any CPU = Debug|Any CPU
		Release|Any CPU = Release|Any CPU
	EndGlobalSection
	GlobalSection(ProjectConfigurationPlatforms) = postSolution
		{6D899BFC-EA32-440D-864C-2215DA95A13F}.Debug|Any CPU.ActiveCfg = Debug|Any CPU
		{6D899BFC-EA32-440D-864C-2215DA95A13F}.Debug|Any CPU.Build.0 = Debug|Any CPU
		{6D899BFC-EA32-440D-864C-2215DA95A13F}.Release|Any CPU.ActiveCfg = Release|Any CPU
		{6D899BFC-EA32-440D-864C-2215DA95A13F}.Release|Any CPU.Build.0 = Release|Any CPU
		{1F27E8E3-8008-424B-BE1E-07B90692AD2F}.Debug|Any CPU.ActiveCfg = Debug|Any CPU
		{1F27E8E3-8008-424B-BE1E-07B90692AD2F}.Debug|Any CPU.Build.0 = Debug|Any CPU
		{1F27E8E3-8008-424B-BE1E-07B90692AD2F}.Release|Any CPU.ActiveCfg = Release|Any CPU
		{1F27E8E3-8008-424B-BE1E-07B90692AD2F}.Release|Any CPU.Build.0 = Release|Any CPU
		{AF632EAE-394B-4CC2-8706-CF93608ED07E}.Debug|Any CPU.ActiveCfg = Debug|Any CPU
		{AF632EAE-394B-4CC2-8706-CF93608ED07E}.Debug|Any CPU.Build.0 = Debug|Any CPU
		{AF632EAE-394B-4CC2-8706-CF93608ED07E}.Release|Any CPU.ActiveCfg = Release|Any CPU
		{AF632EAE-394B-4CC2-8706-CF93608ED07E}.Release|Any CPU.Build.0 = Release|Any CPU
		{F6E42C77-E8CF-4A86-835F-A267C5135067}.Debug|Any CPU.ActiveCfg = Debug|Any CPU
		{F6E42C77-E8CF-4A86-835F-A267C5135067}.Debug|Any CPU.Build.0 = Debug|Any CPU
		{F6E42C77-E8CF-4A86-835F-A267C5135067}.Release|Any CPU.ActiveCfg = Release|Any CPU
		{F6E42C77-E8CF-4A86-835F-A267C5135067}.Release|Any CPU.Build.0 = Release|Any CPU
		{B38A54C1-1FCD-4203-82C8-CA8740497FFA}.Debug|Any CPU.ActiveCfg = Debug|Any CPU
		{B38A54C1-1FCD-4203-82C8-CA8740497FFA}.Debug|Any CPU.Build.0 = Debug|Any CPU
		{B38A54C1-1FCD-4203-82C8-CA8740497FFA}.Release|Any CPU.ActiveCfg = Release|Any CPU
		{B38A54C1-1FCD-4203-82C8-CA8740497FFA}.Release|Any CPU.Build.0 = Release|Any CPU
	EndGlobalSection
	GlobalSection(SolutionProperties) = preSolution
		HideSolutionNode = FALSE
	EndGlobalSection
	GlobalSection(ExtensibilityGlobals) = postSolution
		SolutionGuid = {F6A34B83-4626-4481-AEF2-647FEEE0B3FD}
	EndGlobalSection
EndGlobal
