
Microsoft Visual Studio Solution File, Format Version 12.00
# Visual Studio Version 17
VisualStudioVersion = 17.6.33801.468
MinimumVisualStudioVersion = 10.0.40219.1
Project("{FAE04EC0-301F-11D3-BF4B-00C04F79EFBC}") = "ReadThreeNumbers", "ReadThreeNumbers\ReadThreeNumbers.csproj", "{7FF99199-C035-40B6-80D5-D81856705D44}"
EndProject
Project("{FAE04EC0-301F-11D3-BF4B-00C04F79EFBC}") = "FindPerimeterAndArea", "FindPerimeterAndArea\FindPerimeterAndArea.csproj", "{7035F6C0-A574-4129-9088-CE94E31684C5}"
EndProject
Project("{FAE04EC0-301F-11D3-BF4B-00C04F79EFBC}") = "ReadsInformationAboutCompany", "ReadsInformationAboutCompany\ReadsInformationAboutCompany.csproj", "{EC4F9B6A-F6C4-49F2-AD6B-BB728F66CC56}"
EndProject
Project("{FAE04EC0-301F-11D3-BF4B-00C04F79EFBC}") = "PrintsThreeNumbers", "PrintsThreeNumbers\PrintsThreeNumbers.csproj", "{EE2B0E1A-2C8B-4B1E-8750-332CD4D302A8}"
EndProject
Project("{FAE04EC0-301F-11D3-BF4B-00C04F79EFBC}") = "RemainderOfTheirDivisionBy5", "RemainderOfTheirDivisionBy5\RemainderOfTheirDivisionBy5.csproj", "{5F3E26D9-4EE4-4CD4-92DA-545178A8AD07}"
EndProject
Global
	GlobalSection(SolutionConfigurationPlatforms) = preSolution
		Debug|Any CPU = Debug|Any CPU
		Release|Any CPU = Release|Any CPU
	EndGlobalSection
	GlobalSection(ProjectConfigurationPlatforms) = postSolution
		{7FF99199-C035-40B6-80D5-D81856705D44}.Debug|Any CPU.ActiveCfg = Debug|Any CPU
		{7FF99199-C035-40B6-80D5-D81856705D44}.Debug|Any CPU.Build.0 = Debug|Any CPU
		{7FF99199-C035-40B6-80D5-D81856705D44}.Release|Any CPU.ActiveCfg = Release|Any CPU
		{7FF99199-C035-40B6-80D5-D81856705D44}.Release|Any CPU.Build.0 = Release|Any CPU
		{7035F6C0-A574-4129-9088-CE94E31684C5}.Debug|Any CPU.ActiveCfg = Debug|Any CPU
		{7035F6C0-A574-4129-9088-CE94E31684C5}.Debug|Any CPU.Build.0 = Debug|Any CPU
		{7035F6C0-A574-4129-9088-CE94E31684C5}.Release|Any CPU.ActiveCfg = Release|Any CPU
		{7035F6C0-A574-4129-9088-CE94E31684C5}.Release|Any CPU.Build.0 = Release|Any CPU
		{EC4F9B6A-F6C4-49F2-AD6B-BB728F66CC56}.Debug|Any CPU.ActiveCfg = Debug|Any CPU
		{EC4F9B6A-F6C4-49F2-AD6B-BB728F66CC56}.Debug|Any CPU.Build.0 = Debug|Any CPU
		{EC4F9B6A-F6C4-49F2-AD6B-BB728F66CC56}.Release|Any CPU.ActiveCfg = Release|Any CPU
		{EC4F9B6A-F6C4-49F2-AD6B-BB728F66CC56}.Release|Any CPU.Build.0 = Release|Any CPU
		{EE2B0E1A-2C8B-4B1E-8750-332CD4D302A8}.Debug|Any CPU.ActiveCfg = Debug|Any CPU
		{EE2B0E1A-2C8B-4B1E-8750-332CD4D302A8}.Debug|Any CPU.Build.0 = Debug|Any CPU
		{EE2B0E1A-2C8B-4B1E-8750-332CD4D302A8}.Release|Any CPU.ActiveCfg = Release|Any CPU
		{EE2B0E1A-2C8B-4B1E-8750-332CD4D302A8}.Release|Any CPU.Build.0 = Release|Any CPU
		{5F3E26D9-4EE4-4CD4-92DA-545178A8AD07}.Debug|Any CPU.ActiveCfg = Debug|Any CPU
		{5F3E26D9-4EE4-4CD4-92DA-545178A8AD07}.Debug|Any CPU.Build.0 = Debug|Any CPU
		{5F3E26D9-4EE4-4CD4-92DA-545178A8AD07}.Release|Any CPU.ActiveCfg = Release|Any CPU
		{5F3E26D9-4EE4-4CD4-92DA-545178A8AD07}.Release|Any CPU.Build.0 = Release|Any CPU
	EndGlobalSection
	GlobalSection(SolutionProperties) = preSolution
		HideSolutionNode = FALSE
	EndGlobalSection
	GlobalSection(ExtensibilityGlobals) = postSolution
		SolutionGuid = {C9DC30FE-8E85-4F4C-8B19-22A80215B95B}
	EndGlobalSection
EndGlobal
