
Microsoft Visual Studio Solution File, Format Version 12.00
# Visual Studio Version 17
VisualStudioVersion = 17.6.33829.357
MinimumVisualStudioVersion = 10.0.40219.1
Project("{FAE04EC0-301F-11D3-BF4B-00C04F79EFBC}") = "ConvertMetersToKilometers", "ConvertMetersToKilometers\ConvertMetersToKilometers.csproj", "{7E3CF461-2860-4146-9709-F36BF5F54BE3}"
EndProject
Project("{FAE04EC0-301F-11D3-BF4B-00C04F79EFBC}") = "PoundsToDollars", "PoundsToDollars\PoundsToDollars.csproj", "{B433F3FA-C09B-4CB5-8986-6FFA732236A7}"
EndProject
Project("{FAE04EC0-301F-11D3-BF4B-00C04F79EFBC}") = "ExactSumOfRealNumbers", "ExactSumOfRealNumbers\ExactSumOfRealNumbers.csproj", "{B8D6CF58-9236-410B-93D3-5FA51F6508ED}"
EndProject
Project("{FAE04EC0-301F-11D3-BF4B-00C04F79EFBC}") = "CenturiesToMinutes", "CenturiesToMinutes\CenturiesToMinutes.csproj", "{CE6B9FD5-54E8-4E5C-A4C9-2630261AE891}"
EndProject
Project("{FAE04EC0-301F-11D3-BF4B-00C04F79EFBC}") = "SpecialNumbers", "SpecialNumbers\SpecialNumbers.csproj", "{6C5DFA36-9C85-4216-BB0D-58F949607DE4}"
EndProject
Project("{FAE04EC0-301F-11D3-BF4B-00C04F79EFBC}") = "ReversedChars", "ReversedChars\ReversedChars.csproj", "{A1FCD265-45E3-4A7A-9C22-479ECBCDD549}"
EndProject
Project("{FAE04EC0-301F-11D3-BF4B-00C04F79EFBC}") = "ConcatNames", "ConcatNames\ConcatNames.csproj", "{9EE4B8FA-2F12-4A61-8F1D-9598E1B50ED8}"
EndProject
Global
	GlobalSection(SolutionConfigurationPlatforms) = preSolution
		Debug|Any CPU = Debug|Any CPU
		Release|Any CPU = Release|Any CPU
	EndGlobalSection
	GlobalSection(ProjectConfigurationPlatforms) = postSolution
		{7E3CF461-2860-4146-9709-F36BF5F54BE3}.Debug|Any CPU.ActiveCfg = Debug|Any CPU
		{7E3CF461-2860-4146-9709-F36BF5F54BE3}.Debug|Any CPU.Build.0 = Debug|Any CPU
		{7E3CF461-2860-4146-9709-F36BF5F54BE3}.Release|Any CPU.ActiveCfg = Release|Any CPU
		{7E3CF461-2860-4146-9709-F36BF5F54BE3}.Release|Any CPU.Build.0 = Release|Any CPU
		{B433F3FA-C09B-4CB5-8986-6FFA732236A7}.Debug|Any CPU.ActiveCfg = Debug|Any CPU
		{B433F3FA-C09B-4CB5-8986-6FFA732236A7}.Debug|Any CPU.Build.0 = Debug|Any CPU
		{B433F3FA-C09B-4CB5-8986-6FFA732236A7}.Release|Any CPU.ActiveCfg = Release|Any CPU
		{B433F3FA-C09B-4CB5-8986-6FFA732236A7}.Release|Any CPU.Build.0 = Release|Any CPU
		{B8D6CF58-9236-410B-93D3-5FA51F6508ED}.Debug|Any CPU.ActiveCfg = Debug|Any CPU
		{B8D6CF58-9236-410B-93D3-5FA51F6508ED}.Debug|Any CPU.Build.0 = Debug|Any CPU
		{B8D6CF58-9236-410B-93D3-5FA51F6508ED}.Release|Any CPU.ActiveCfg = Release|Any CPU
		{B8D6CF58-9236-410B-93D3-5FA51F6508ED}.Release|Any CPU.Build.0 = Release|Any CPU
		{CE6B9FD5-54E8-4E5C-A4C9-2630261AE891}.Debug|Any CPU.ActiveCfg = Debug|Any CPU
		{CE6B9FD5-54E8-4E5C-A4C9-2630261AE891}.Debug|Any CPU.Build.0 = Debug|Any CPU
		{CE6B9FD5-54E8-4E5C-A4C9-2630261AE891}.Release|Any CPU.ActiveCfg = Release|Any CPU
		{CE6B9FD5-54E8-4E5C-A4C9-2630261AE891}.Release|Any CPU.Build.0 = Release|Any CPU
		{6C5DFA36-9C85-4216-BB0D-58F949607DE4}.Debug|Any CPU.ActiveCfg = Debug|Any CPU
		{6C5DFA36-9C85-4216-BB0D-58F949607DE4}.Debug|Any CPU.Build.0 = Debug|Any CPU
		{6C5DFA36-9C85-4216-BB0D-58F949607DE4}.Release|Any CPU.ActiveCfg = Release|Any CPU
		{6C5DFA36-9C85-4216-BB0D-58F949607DE4}.Release|Any CPU.Build.0 = Release|Any CPU
		{A1FCD265-45E3-4A7A-9C22-479ECBCDD549}.Debug|Any CPU.ActiveCfg = Debug|Any CPU
		{A1FCD265-45E3-4A7A-9C22-479ECBCDD549}.Debug|Any CPU.Build.0 = Debug|Any CPU
		{A1FCD265-45E3-4A7A-9C22-479ECBCDD549}.Release|Any CPU.ActiveCfg = Release|Any CPU
		{A1FCD265-45E3-4A7A-9C22-479ECBCDD549}.Release|Any CPU.Build.0 = Release|Any CPU
		{9EE4B8FA-2F12-4A61-8F1D-9598E1B50ED8}.Debug|Any CPU.ActiveCfg = Debug|Any CPU
		{9EE4B8FA-2F12-4A61-8F1D-9598E1B50ED8}.Debug|Any CPU.Build.0 = Debug|Any CPU
		{9EE4B8FA-2F12-4A61-8F1D-9598E1B50ED8}.Release|Any CPU.ActiveCfg = Release|Any CPU
		{9EE4B8FA-2F12-4A61-8F1D-9598E1B50ED8}.Release|Any CPU.Build.0 = Release|Any CPU
	EndGlobalSection
	GlobalSection(SolutionProperties) = preSolution
		HideSolutionNode = FALSE
	EndGlobalSection
	GlobalSection(ExtensibilityGlobals) = postSolution
		SolutionGuid = {12CB11D1-C07D-4E07-8C1D-CE53B2C7ADC1}
	EndGlobalSection
EndGlobal
