
Microsoft Visual Studio Solution File, Format Version 12.00
# Visual Studio Version 17
VisualStudioVersion = 17.6.33829.357
MinimumVisualStudioVersion = 10.0.40219.1
Project("{FAE04EC0-301F-11D3-BF4B-00C04F79EFBC}") = "DrawFort", "DrawFort\DrawFort.csproj", "{D63CACE6-751D-4918-BC64-89CA953B5920}"
EndProject
Project("{FAE04EC0-301F-11D3-BF4B-00C04F79EFBC}") = "Butterfly", "Butterfly\Butterfly.csproj", "{68BD7D53-B067-42DE-9213-EECFFA10AB19}"
EndProject
Project("{FAE04EC0-301F-11D3-BF4B-00C04F79EFBC}") = "Stop", "Stop\Stop.csproj", "{6E74EF7D-CE3F-4A9B-AF00-D2A43ACFE89E}"
EndProject
Global
	GlobalSection(SolutionConfigurationPlatforms) = preSolution
		Debug|Any CPU = Debug|Any CPU
		Release|Any CPU = Release|Any CPU
	EndGlobalSection
	GlobalSection(ProjectConfigurationPlatforms) = postSolution
		{D63CACE6-751D-4918-BC64-89CA953B5920}.Debug|Any CPU.ActiveCfg = Debug|Any CPU
		{D63CACE6-751D-4918-BC64-89CA953B5920}.Debug|Any CPU.Build.0 = Debug|Any CPU
		{D63CACE6-751D-4918-BC64-89CA953B5920}.Release|Any CPU.ActiveCfg = Release|Any CPU
		{D63CACE6-751D-4918-BC64-89CA953B5920}.Release|Any CPU.Build.0 = Release|Any CPU
		{68BD7D53-B067-42DE-9213-EECFFA10AB19}.Debug|Any CPU.ActiveCfg = Debug|Any CPU
		{68BD7D53-B067-42DE-9213-EECFFA10AB19}.Debug|Any CPU.Build.0 = Debug|Any CPU
		{68BD7D53-B067-42DE-9213-EECFFA10AB19}.Release|Any CPU.ActiveCfg = Release|Any CPU
		{68BD7D53-B067-42DE-9213-EECFFA10AB19}.Release|Any CPU.Build.0 = Release|Any CPU
		{6E74EF7D-CE3F-4A9B-AF00-D2A43ACFE89E}.Debug|Any CPU.ActiveCfg = Debug|Any CPU
		{6E74EF7D-CE3F-4A9B-AF00-D2A43ACFE89E}.Debug|Any CPU.Build.0 = Debug|Any CPU
		{6E74EF7D-CE3F-4A9B-AF00-D2A43ACFE89E}.Release|Any CPU.ActiveCfg = Release|Any CPU
		{6E74EF7D-CE3F-4A9B-AF00-D2A43ACFE89E}.Release|Any CPU.Build.0 = Release|Any CPU
	EndGlobalSection
	GlobalSection(SolutionProperties) = preSolution
		HideSolutionNode = FALSE
	EndGlobalSection
	GlobalSection(ExtensibilityGlobals) = postSolution
		SolutionGuid = {1E0480A3-3310-455B-9841-219B0996FB03}
	EndGlobalSection
EndGlobal
