
Microsoft Visual Studio Solution File, Format Version 12.00
# Visual Studio Version 17
VisualStudioVersion = 17.6.33829.357
MinimumVisualStudioVersion = 10.0.40219.1
Project("{9A19103F-16F7-4668-BE54-9A1E7A4F7556}") = "TriangleArea", "TriangleArea\TriangleArea.csproj", "{332194AD-033C-48C2-9A47-11F7FC30845E}"
EndProject
Project("{9A19103F-16F7-4668-BE54-9A1E7A4F7556}") = "Bricks", "Bricks\Bricks.csproj", "{FB3623FF-BDD9-4DD7-A062-4B4C4B41F7B2}"
EndProject
Project("{FAE04EC0-301F-11D3-BF4B-00C04F79EFBC}") = "PointOnSegment", "PointOnSegment\PointOnSegment.csproj", "{27CCD15D-547E-43E2-B9EE-64B4C11FAE4E}"
EndProject
Global
	GlobalSection(SolutionConfigurationPlatforms) = preSolution
		Debug|Any CPU = Debug|Any CPU
		Release|Any CPU = Release|Any CPU
	EndGlobalSection
	GlobalSection(ProjectConfigurationPlatforms) = postSolution
		{332194AD-033C-48C2-9A47-11F7FC30845E}.Debug|Any CPU.ActiveCfg = Debug|Any CPU
		{332194AD-033C-48C2-9A47-11F7FC30845E}.Debug|Any CPU.Build.0 = Debug|Any CPU
		{332194AD-033C-48C2-9A47-11F7FC30845E}.Release|Any CPU.ActiveCfg = Release|Any CPU
		{332194AD-033C-48C2-9A47-11F7FC30845E}.Release|Any CPU.Build.0 = Release|Any CPU
		{FB3623FF-BDD9-4DD7-A062-4B4C4B41F7B2}.Debug|Any CPU.ActiveCfg = Debug|Any CPU
		{FB3623FF-BDD9-4DD7-A062-4B4C4B41F7B2}.Debug|Any CPU.Build.0 = Debug|Any CPU
		{FB3623FF-BDD9-4DD7-A062-4B4C4B41F7B2}.Release|Any CPU.ActiveCfg = Release|Any CPU
		{FB3623FF-BDD9-4DD7-A062-4B4C4B41F7B2}.Release|Any CPU.Build.0 = Release|Any CPU
		{27CCD15D-547E-43E2-B9EE-64B4C11FAE4E}.Debug|Any CPU.ActiveCfg = Debug|Any CPU
		{27CCD15D-547E-43E2-B9EE-64B4C11FAE4E}.Debug|Any CPU.Build.0 = Debug|Any CPU
		{27CCD15D-547E-43E2-B9EE-64B4C11FAE4E}.Release|Any CPU.ActiveCfg = Release|Any CPU
		{27CCD15D-547E-43E2-B9EE-64B4C11FAE4E}.Release|Any CPU.Build.0 = Release|Any CPU
	EndGlobalSection
	GlobalSection(SolutionProperties) = preSolution
		HideSolutionNode = FALSE
	EndGlobalSection
	GlobalSection(ExtensibilityGlobals) = postSolution
		SolutionGuid = {8D5E9C79-F3D8-406B-B23E-D4AFA5F065EF}
	EndGlobalSection
EndGlobal
