
Microsoft Visual Studio Solution File, Format Version 12.00
# Visual Studio Version 17
VisualStudioVersion = 17.6.33829.357
MinimumVisualStudioVersion = 10.0.40219.1
Project("{9A19103F-16F7-4668-BE54-9A1E7A4F7556}") = "TriangleArea", "TriangleArea\TriangleArea.csproj", "{332194AD-033C-48C2-9A47-11F7FC30845E}"
EndProject
Project("{9A19103F-16F7-4668-BE54-9A1E7A4F7556}") = "Bricks", "Bricks\Bricks.csproj", "{FB3623FF-BDD9-4DD7-A062-4B4C4B41F7B2}"
EndProject
Project("{9A19103F-16F7-4668-BE54-9A1E7A4F7556}") = "PointOnSegment", "PointOnSegment\PointOnSegment.csproj", "{27CCD15D-547E-43E2-B9EE-64B4C11FAE4E}"
EndProject
Project("{9A19103F-16F7-4668-BE54-9A1E7A4F7556}") = "PointInFigure", "PointInFigure\PointInFigure.csproj", "{1897FC2D-9AA2-4025-9615-E73BEFB7A75F}"
EndProject
Project("{9A19103F-16F7-4668-BE54-9A1E7A4F7556}") = "DateAfterFiveDays", "DateAfterFiveDays\DateAfterFiveDays.csproj", "{F075228F-2EC9-4535-9F20-9D476DB076B0}"
EndProject
Project("{FAE04EC0-301F-11D3-BF4B-00C04F79EFBC}") = "SumsThreeNumbers", "SumsThreeNumbers\SumsThreeNumbers.csproj", "{22A23E8A-298B-461B-8800-BB47421F8083}"
EndProject
Project("{FAE04EC0-301F-11D3-BF4B-00C04F79EFBC}") = "SumsStepThree", "SumsStepThree\SumsStepThree.csproj", "{88668B6A-E4DB-4430-B60C-F2747610F037}"
EndProject
Global
	GlobalSection(SolutionConfigurationPlatforms) = preSolution
		Debug|Any CPU = Debug|Any CPU
		Release|Any CPU = Release|Any CPU
	EndGlobalSection
	GlobalSection(ProjectConfigurationPlatforms) = postSolution
		{332194AD-033C-48C2-9A47-11F7FC30845E}.Debug|Any CPU.ActiveCfg = Debug|Any CPU
		{332194AD-033C-48C2-9A47-11F7FC30845E}.Debug|Any CPU.Build.0 = Debug|Any CPU
		{332194AD-033C-48C2-9A47-11F7FC30845E}.Release|Any CPU.ActiveCfg = Release|Any CPU
		{332194AD-033C-48C2-9A47-11F7FC30845E}.Release|Any CPU.Build.0 = Release|Any CPU
		{FB3623FF-BDD9-4DD7-A062-4B4C4B41F7B2}.Debug|Any CPU.ActiveCfg = Debug|Any CPU
		{FB3623FF-BDD9-4DD7-A062-4B4C4B41F7B2}.Debug|Any CPU.Build.0 = Debug|Any CPU
		{FB3623FF-BDD9-4DD7-A062-4B4C4B41F7B2}.Release|Any CPU.ActiveCfg = Release|Any CPU
		{FB3623FF-BDD9-4DD7-A062-4B4C4B41F7B2}.Release|Any CPU.Build.0 = Release|Any CPU
		{27CCD15D-547E-43E2-B9EE-64B4C11FAE4E}.Debug|Any CPU.ActiveCfg = Debug|Any CPU
		{27CCD15D-547E-43E2-B9EE-64B4C11FAE4E}.Debug|Any CPU.Build.0 = Debug|Any CPU
		{27CCD15D-547E-43E2-B9EE-64B4C11FAE4E}.Release|Any CPU.ActiveCfg = Release|Any CPU
		{27CCD15D-547E-43E2-B9EE-64B4C11FAE4E}.Release|Any CPU.Build.0 = Release|Any CPU
		{1897FC2D-9AA2-4025-9615-E73BEFB7A75F}.Debug|Any CPU.ActiveCfg = Debug|Any CPU
		{1897FC2D-9AA2-4025-9615-E73BEFB7A75F}.Debug|Any CPU.Build.0 = Debug|Any CPU
		{1897FC2D-9AA2-4025-9615-E73BEFB7A75F}.Release|Any CPU.ActiveCfg = Release|Any CPU
		{1897FC2D-9AA2-4025-9615-E73BEFB7A75F}.Release|Any CPU.Build.0 = Release|Any CPU
		{F075228F-2EC9-4535-9F20-9D476DB076B0}.Debug|Any CPU.ActiveCfg = Debug|Any CPU
		{F075228F-2EC9-4535-9F20-9D476DB076B0}.Debug|Any CPU.Build.0 = Debug|Any CPU
		{F075228F-2EC9-4535-9F20-9D476DB076B0}.Release|Any CPU.ActiveCfg = Release|Any CPU
		{F075228F-2EC9-4535-9F20-9D476DB076B0}.Release|Any CPU.Build.0 = Release|Any CPU
		{22A23E8A-298B-461B-8800-BB47421F8083}.Debug|Any CPU.ActiveCfg = Debug|Any CPU
		{22A23E8A-298B-461B-8800-BB47421F8083}.Debug|Any CPU.Build.0 = Debug|Any CPU
		{22A23E8A-298B-461B-8800-BB47421F8083}.Release|Any CPU.ActiveCfg = Release|Any CPU
		{22A23E8A-298B-461B-8800-BB47421F8083}.Release|Any CPU.Build.0 = Release|Any CPU
		{88668B6A-E4DB-4430-B60C-F2747610F037}.Debug|Any CPU.ActiveCfg = Debug|Any CPU
		{88668B6A-E4DB-4430-B60C-F2747610F037}.Debug|Any CPU.Build.0 = Debug|Any CPU
		{88668B6A-E4DB-4430-B60C-F2747610F037}.Release|Any CPU.ActiveCfg = Release|Any CPU
		{88668B6A-E4DB-4430-B60C-F2747610F037}.Release|Any CPU.Build.0 = Release|Any CPU
	EndGlobalSection
	GlobalSection(SolutionProperties) = preSolution
		HideSolutionNode = FALSE
	EndGlobalSection
	GlobalSection(ExtensibilityGlobals) = postSolution
		SolutionGuid = {8D5E9C79-F3D8-406B-B23E-D4AFA5F065EF}
	EndGlobalSection
EndGlobal
