
Microsoft Visual Studio Solution File, Format Version 12.00
# Visual Studio Version 17
VisualStudioVersion = 17.6.33829.357
MinimumVisualStudioVersion = 10.0.40219.1
Project("{FAE04EC0-301F-11D3-BF4B-00C04F79EFBC}") = "DayOfWeek", "DayOfWeek\DayOfWeek.csproj", "{B1BFE8AB-1925-41D0-8FEA-829E750AA02C}"
EndProject
Project("{FAE04EC0-301F-11D3-BF4B-00C04F79EFBC}") = "PrintNumbersInReverseOrder", "PrintNumbersInReverseOrder\PrintNumbersInReverseOrder.csproj", "{06A64E03-469C-4646-A291-64FCAB944B25}"
EndProject
Project("{FAE04EC0-301F-11D3-BF4B-00C04F79EFBC}") = "RoundingNumbers", "RoundingNumbers\RoundingNumbers.csproj", "{673D28FC-4DE7-48D2-8B02-260CA315D60F}"
EndProject
Global
	GlobalSection(SolutionConfigurationPlatforms) = preSolution
		Debug|Any CPU = Debug|Any CPU
		Release|Any CPU = Release|Any CPU
	EndGlobalSection
	GlobalSection(ProjectConfigurationPlatforms) = postSolution
		{B1BFE8AB-1925-41D0-8FEA-829E750AA02C}.Debug|Any CPU.ActiveCfg = Debug|Any CPU
		{B1BFE8AB-1925-41D0-8FEA-829E750AA02C}.Debug|Any CPU.Build.0 = Debug|Any CPU
		{B1BFE8AB-1925-41D0-8FEA-829E750AA02C}.Release|Any CPU.ActiveCfg = Release|Any CPU
		{B1BFE8AB-1925-41D0-8FEA-829E750AA02C}.Release|Any CPU.Build.0 = Release|Any CPU
		{06A64E03-469C-4646-A291-64FCAB944B25}.Debug|Any CPU.ActiveCfg = Debug|Any CPU
		{06A64E03-469C-4646-A291-64FCAB944B25}.Debug|Any CPU.Build.0 = Debug|Any CPU
		{06A64E03-469C-4646-A291-64FCAB944B25}.Release|Any CPU.ActiveCfg = Release|Any CPU
		{06A64E03-469C-4646-A291-64FCAB944B25}.Release|Any CPU.Build.0 = Release|Any CPU
		{673D28FC-4DE7-48D2-8B02-260CA315D60F}.Debug|Any CPU.ActiveCfg = Debug|Any CPU
		{673D28FC-4DE7-48D2-8B02-260CA315D60F}.Debug|Any CPU.Build.0 = Debug|Any CPU
		{673D28FC-4DE7-48D2-8B02-260CA315D60F}.Release|Any CPU.ActiveCfg = Release|Any CPU
		{673D28FC-4DE7-48D2-8B02-260CA315D60F}.Release|Any CPU.Build.0 = Release|Any CPU
	EndGlobalSection
	GlobalSection(SolutionProperties) = preSolution
		HideSolutionNode = FALSE
	EndGlobalSection
	GlobalSection(ExtensibilityGlobals) = postSolution
		SolutionGuid = {27679099-58C4-4A2F-820E-AC59271A76E7}
	EndGlobalSection
EndGlobal
