
Microsoft Visual Studio Solution File, Format Version 12.00
# Visual Studio Version 17
VisualStudioVersion = 17.6.33829.357
MinimumVisualStudioVersion = 10.0.40219.1
Project("{9A19103F-16F7-4668-BE54-9A1E7A4F7556}") = "Demo", "Demo\Demo.csproj", "{CDC6C2D0-A131-4D37-8D3E-EE70BFDCD88E}"
EndProject
Project("{9A19103F-16F7-4668-BE54-9A1E7A4F7556}") = "SignOfIntegerNumbers", "SignOfIntegerNumbers\SignOfIntegerNumbers.csproj", "{30F4571C-D1C2-443B-A267-132880D6EEE6}"
EndProject
Project("{9A19103F-16F7-4668-BE54-9A1E7A4F7556}") = "Grades", "Grades\Grades.csproj", "{E657EFC8-60E6-48D2-A799-27CD7BC35E6E}"
EndProject
Project("{9A19103F-16F7-4668-BE54-9A1E7A4F7556}") = "Calculations", "Calculations\Calculations.csproj", "{516A8C48-4EDA-4540-99B6-5E3AEB45880D}"
EndProject
Project("{9A19103F-16F7-4668-BE54-9A1E7A4F7556}") = "PrintingTriangle", "PrintingTriangle\PrintingTriangle.csproj", "{865BFEC8-9DA6-40E2-AC36-0CDE4CC7018C}"
EndProject
Project("{9A19103F-16F7-4668-BE54-9A1E7A4F7556}") = "Orders", "Orders\Orders.csproj", "{A74B8F7A-25EF-434D-823E-C2D6A02EBE48}"
EndProject
Project("{9A19103F-16F7-4668-BE54-9A1E7A4F7556}") = "CalculateRectangleArea", "CalculateRectangleArea\CalculateRectangleArea.csproj", "{E0454BD0-1D35-4C81-AEA4-071872BD555F}"
EndProject
Project("{FAE04EC0-301F-11D3-BF4B-00C04F79EFBC}") = "RepeatString", "RepeatString\RepeatString.csproj", "{A27160BC-5D05-4C7E-97EB-967EA42238FC}"
EndProject
Project("{FAE04EC0-301F-11D3-BF4B-00C04F79EFBC}") = "MathPower", "MathPower\MathPower.csproj", "{0F72E6AD-73EE-47F1-A686-C10D55237011}"
EndProject
Global
	GlobalSection(SolutionConfigurationPlatforms) = preSolution
		Debug|Any CPU = Debug|Any CPU
		Release|Any CPU = Release|Any CPU
	EndGlobalSection
	GlobalSection(ProjectConfigurationPlatforms) = postSolution
		{CDC6C2D0-A131-4D37-8D3E-EE70BFDCD88E}.Debug|Any CPU.ActiveCfg = Debug|Any CPU
		{CDC6C2D0-A131-4D37-8D3E-EE70BFDCD88E}.Debug|Any CPU.Build.0 = Debug|Any CPU
		{CDC6C2D0-A131-4D37-8D3E-EE70BFDCD88E}.Release|Any CPU.ActiveCfg = Release|Any CPU
		{CDC6C2D0-A131-4D37-8D3E-EE70BFDCD88E}.Release|Any CPU.Build.0 = Release|Any CPU
		{30F4571C-D1C2-443B-A267-132880D6EEE6}.Debug|Any CPU.ActiveCfg = Debug|Any CPU
		{30F4571C-D1C2-443B-A267-132880D6EEE6}.Debug|Any CPU.Build.0 = Debug|Any CPU
		{30F4571C-D1C2-443B-A267-132880D6EEE6}.Release|Any CPU.ActiveCfg = Release|Any CPU
		{30F4571C-D1C2-443B-A267-132880D6EEE6}.Release|Any CPU.Build.0 = Release|Any CPU
		{E657EFC8-60E6-48D2-A799-27CD7BC35E6E}.Debug|Any CPU.ActiveCfg = Debug|Any CPU
		{E657EFC8-60E6-48D2-A799-27CD7BC35E6E}.Debug|Any CPU.Build.0 = Debug|Any CPU
		{E657EFC8-60E6-48D2-A799-27CD7BC35E6E}.Release|Any CPU.ActiveCfg = Release|Any CPU
		{E657EFC8-60E6-48D2-A799-27CD7BC35E6E}.Release|Any CPU.Build.0 = Release|Any CPU
		{516A8C48-4EDA-4540-99B6-5E3AEB45880D}.Debug|Any CPU.ActiveCfg = Debug|Any CPU
		{516A8C48-4EDA-4540-99B6-5E3AEB45880D}.Debug|Any CPU.Build.0 = Debug|Any CPU
		{516A8C48-4EDA-4540-99B6-5E3AEB45880D}.Release|Any CPU.ActiveCfg = Release|Any CPU
		{516A8C48-4EDA-4540-99B6-5E3AEB45880D}.Release|Any CPU.Build.0 = Release|Any CPU
		{865BFEC8-9DA6-40E2-AC36-0CDE4CC7018C}.Debug|Any CPU.ActiveCfg = Debug|Any CPU
		{865BFEC8-9DA6-40E2-AC36-0CDE4CC7018C}.Debug|Any CPU.Build.0 = Debug|Any CPU
		{865BFEC8-9DA6-40E2-AC36-0CDE4CC7018C}.Release|Any CPU.ActiveCfg = Release|Any CPU
		{865BFEC8-9DA6-40E2-AC36-0CDE4CC7018C}.Release|Any CPU.Build.0 = Release|Any CPU
		{A74B8F7A-25EF-434D-823E-C2D6A02EBE48}.Debug|Any CPU.ActiveCfg = Debug|Any CPU
		{A74B8F7A-25EF-434D-823E-C2D6A02EBE48}.Debug|Any CPU.Build.0 = Debug|Any CPU
		{A74B8F7A-25EF-434D-823E-C2D6A02EBE48}.Release|Any CPU.ActiveCfg = Release|Any CPU
		{A74B8F7A-25EF-434D-823E-C2D6A02EBE48}.Release|Any CPU.Build.0 = Release|Any CPU
		{E0454BD0-1D35-4C81-AEA4-071872BD555F}.Debug|Any CPU.ActiveCfg = Debug|Any CPU
		{E0454BD0-1D35-4C81-AEA4-071872BD555F}.Debug|Any CPU.Build.0 = Debug|Any CPU
		{E0454BD0-1D35-4C81-AEA4-071872BD555F}.Release|Any CPU.ActiveCfg = Release|Any CPU
		{E0454BD0-1D35-4C81-AEA4-071872BD555F}.Release|Any CPU.Build.0 = Release|Any CPU
		{A27160BC-5D05-4C7E-97EB-967EA42238FC}.Debug|Any CPU.ActiveCfg = Debug|Any CPU
		{A27160BC-5D05-4C7E-97EB-967EA42238FC}.Debug|Any CPU.Build.0 = Debug|Any CPU
		{A27160BC-5D05-4C7E-97EB-967EA42238FC}.Release|Any CPU.ActiveCfg = Release|Any CPU
		{A27160BC-5D05-4C7E-97EB-967EA42238FC}.Release|Any CPU.Build.0 = Release|Any CPU
		{0F72E6AD-73EE-47F1-A686-C10D55237011}.Debug|Any CPU.ActiveCfg = Debug|Any CPU
		{0F72E6AD-73EE-47F1-A686-C10D55237011}.Debug|Any CPU.Build.0 = Debug|Any CPU
		{0F72E6AD-73EE-47F1-A686-C10D55237011}.Release|Any CPU.ActiveCfg = Release|Any CPU
		{0F72E6AD-73EE-47F1-A686-C10D55237011}.Release|Any CPU.Build.0 = Release|Any CPU
	EndGlobalSection
	GlobalSection(SolutionProperties) = preSolution
		HideSolutionNode = FALSE
	EndGlobalSection
	GlobalSection(ExtensibilityGlobals) = postSolution
		SolutionGuid = {04C3C9FE-DC3C-4D17-BBA4-943BC77F6A57}
	EndGlobalSection
EndGlobal
