
Microsoft Visual Studio Solution File, Format Version 12.00
# Visual Studio Version 17
VisualStudioVersion = 17.6.33801.468
MinimumVisualStudioVersion = 10.0.40219.1
Project("{9A19103F-16F7-4668-BE54-9A1E7A4F7556}") = "ExchangeIfGreater", "ExchangeIfGreater\ExchangeIfGreater.csproj", "{668E3937-988E-42D3-BF97-D5203B1212E3}"
EndProject
Project("{9A19103F-16F7-4668-BE54-9A1E7A4F7556}") = "BonusScore", "BonusScore\BonusScore.csproj", "{28466980-4C83-4A93-8E1B-43ACB7E4A38B}"
EndProject
Project("{9A19103F-16F7-4668-BE54-9A1E7A4F7556}") = "CheckForPlayCard", "CheckForPlayCard\CheckForPlayCard.csproj", "{3811ED0A-A392-423D-AF3C-1A4C39066FAA}"
EndProject
Project("{9A19103F-16F7-4668-BE54-9A1E7A4F7556}") = "MultiplicationSign", "MultiplicationSign\MultiplicationSign.csproj", "{9CED92F6-F5C0-4A85-8DAF-D4F5BECD38EC}"
EndProject
Project("{FAE04EC0-301F-11D3-BF4B-00C04F79EFBC}") = "TheBiggestOfThreeNumbers", "TheBiggestOfThreeNumbers\TheBiggestOfThreeNumbers.csproj", "{CF2F74F0-0567-40AB-A743-21DF0B2B18EC}"
EndProject
Project("{FAE04EC0-301F-11D3-BF4B-00C04F79EFBC}") = "GreatestOfFiveNumbers", "GreatestOfFiveNumbers\GreatestOfFiveNumbers.csproj", "{F27D0EC6-004D-41F1-AEC0-DB913BED65A4}"
EndProject
Project("{FAE04EC0-301F-11D3-BF4B-00C04F79EFBC}") = "SortThreeNumbersWithNestedIfs", "SortThreeNumbersWithNestedIfs\SortThreeNumbersWithNestedIfs.csproj", "{29199309-8785-4D50-B684-87784D8CD77F}"
EndProject
Project("{FAE04EC0-301F-11D3-BF4B-00C04F79EFBC}") = "DigitAsWord", "DigitAsWord\DigitAsWord.csproj", "{F39AC3B6-82B5-4632-A362-3E7564872B01}"
EndProject
Project("{FAE04EC0-301F-11D3-BF4B-00C04F79EFBC}") = "PlayWithInt,DoubleAndString", "PlayWithInt,DoubleAndString\PlayWithInt,DoubleAndString.csproj", "{CF13F84B-C302-429A-9294-D5555E70E8B1}"
EndProject
Global
	GlobalSection(SolutionConfigurationPlatforms) = preSolution
		Debug|Any CPU = Debug|Any CPU
		Release|Any CPU = Release|Any CPU
	EndGlobalSection
	GlobalSection(ProjectConfigurationPlatforms) = postSolution
		{668E3937-988E-42D3-BF97-D5203B1212E3}.Debug|Any CPU.ActiveCfg = Debug|Any CPU
		{668E3937-988E-42D3-BF97-D5203B1212E3}.Debug|Any CPU.Build.0 = Debug|Any CPU
		{668E3937-988E-42D3-BF97-D5203B1212E3}.Release|Any CPU.ActiveCfg = Release|Any CPU
		{668E3937-988E-42D3-BF97-D5203B1212E3}.Release|Any CPU.Build.0 = Release|Any CPU
		{28466980-4C83-4A93-8E1B-43ACB7E4A38B}.Debug|Any CPU.ActiveCfg = Debug|Any CPU
		{28466980-4C83-4A93-8E1B-43ACB7E4A38B}.Debug|Any CPU.Build.0 = Debug|Any CPU
		{28466980-4C83-4A93-8E1B-43ACB7E4A38B}.Release|Any CPU.ActiveCfg = Release|Any CPU
		{28466980-4C83-4A93-8E1B-43ACB7E4A38B}.Release|Any CPU.Build.0 = Release|Any CPU
		{3811ED0A-A392-423D-AF3C-1A4C39066FAA}.Debug|Any CPU.ActiveCfg = Debug|Any CPU
		{3811ED0A-A392-423D-AF3C-1A4C39066FAA}.Debug|Any CPU.Build.0 = Debug|Any CPU
		{3811ED0A-A392-423D-AF3C-1A4C39066FAA}.Release|Any CPU.ActiveCfg = Release|Any CPU
		{3811ED0A-A392-423D-AF3C-1A4C39066FAA}.Release|Any CPU.Build.0 = Release|Any CPU
		{9CED92F6-F5C0-4A85-8DAF-D4F5BECD38EC}.Debug|Any CPU.ActiveCfg = Debug|Any CPU
		{9CED92F6-F5C0-4A85-8DAF-D4F5BECD38EC}.Debug|Any CPU.Build.0 = Debug|Any CPU
		{9CED92F6-F5C0-4A85-8DAF-D4F5BECD38EC}.Release|Any CPU.ActiveCfg = Release|Any CPU
		{9CED92F6-F5C0-4A85-8DAF-D4F5BECD38EC}.Release|Any CPU.Build.0 = Release|Any CPU
		{CF2F74F0-0567-40AB-A743-21DF0B2B18EC}.Debug|Any CPU.ActiveCfg = Debug|Any CPU
		{CF2F74F0-0567-40AB-A743-21DF0B2B18EC}.Debug|Any CPU.Build.0 = Debug|Any CPU
		{CF2F74F0-0567-40AB-A743-21DF0B2B18EC}.Release|Any CPU.ActiveCfg = Release|Any CPU
		{CF2F74F0-0567-40AB-A743-21DF0B2B18EC}.Release|Any CPU.Build.0 = Release|Any CPU
		{F27D0EC6-004D-41F1-AEC0-DB913BED65A4}.Debug|Any CPU.ActiveCfg = Debug|Any CPU
		{F27D0EC6-004D-41F1-AEC0-DB913BED65A4}.Debug|Any CPU.Build.0 = Debug|Any CPU
		{F27D0EC6-004D-41F1-AEC0-DB913BED65A4}.Release|Any CPU.ActiveCfg = Release|Any CPU
		{F27D0EC6-004D-41F1-AEC0-DB913BED65A4}.Release|Any CPU.Build.0 = Release|Any CPU
		{29199309-8785-4D50-B684-87784D8CD77F}.Debug|Any CPU.ActiveCfg = Debug|Any CPU
		{29199309-8785-4D50-B684-87784D8CD77F}.Debug|Any CPU.Build.0 = Debug|Any CPU
		{29199309-8785-4D50-B684-87784D8CD77F}.Release|Any CPU.ActiveCfg = Release|Any CPU
		{29199309-8785-4D50-B684-87784D8CD77F}.Release|Any CPU.Build.0 = Release|Any CPU
		{F39AC3B6-82B5-4632-A362-3E7564872B01}.Debug|Any CPU.ActiveCfg = Debug|Any CPU
		{F39AC3B6-82B5-4632-A362-3E7564872B01}.Debug|Any CPU.Build.0 = Debug|Any CPU
		{F39AC3B6-82B5-4632-A362-3E7564872B01}.Release|Any CPU.ActiveCfg = Release|Any CPU
		{F39AC3B6-82B5-4632-A362-3E7564872B01}.Release|Any CPU.Build.0 = Release|Any CPU
		{CF13F84B-C302-429A-9294-D5555E70E8B1}.Debug|Any CPU.ActiveCfg = Debug|Any CPU
		{CF13F84B-C302-429A-9294-D5555E70E8B1}.Debug|Any CPU.Build.0 = Debug|Any CPU
		{CF13F84B-C302-429A-9294-D5555E70E8B1}.Release|Any CPU.ActiveCfg = Release|Any CPU
		{CF13F84B-C302-429A-9294-D5555E70E8B1}.Release|Any CPU.Build.0 = Release|Any CPU
	EndGlobalSection
	GlobalSection(SolutionProperties) = preSolution
		HideSolutionNode = FALSE
	EndGlobalSection
	GlobalSection(ExtensibilityGlobals) = postSolution
		SolutionGuid = {E669AF04-68AC-489B-A1B9-4EFB0482E723}
	EndGlobalSection
EndGlobal
