
Microsoft Visual Studio Solution File, Format Version 12.00
# Visual Studio Version 17
VisualStudioVersion = 17.6.33801.468
MinimumVisualStudioVersion = 10.0.40219.1
Project("{FAE04EC0-301F-11D3-BF4B-00C04F79EFBC}") = "DeclareVariables", "DeclareVariables\DeclareVariables.csproj", "{35B6932B-54F5-4327-AF10-36BE290EF3A1}"
EndProject
Project("{FAE04EC0-301F-11D3-BF4B-00C04F79EFBC}") = "FloatOrDouble", "FloatOrDouble\FloatOrDouble.csproj", "{A1D0BFA1-5EDF-4F6F-9317-CAFC4B276FD2}"
EndProject
Project("{FAE04EC0-301F-11D3-BF4B-00C04F79EFBC}") = "VariableInHexadecimalFormat", "VariableInHexadecimalFormat\VariableInHexadecimalFormat.csproj", "{2361863B-28B4-4373-9058-4C1058FF9851}"
EndProject
Project("{FAE04EC0-301F-11D3-BF4B-00C04F79EFBC}") = "UnicodeCharacter", "UnicodeCharacter\UnicodeCharacter.csproj", "{22A916FE-FF7B-4943-B9D9-115F72208478}"
EndProject
Project("{FAE04EC0-301F-11D3-BF4B-00C04F79EFBC}") = "BooleanVariable", "BooleanVariable\BooleanVariable.csproj", "{A9E0C002-78B9-40AD-9733-5CF1E76743B3}"
EndProject
Project("{FAE04EC0-301F-11D3-BF4B-00C04F79EFBC}") = "StringsAndObjects", "StringsAndObjects\StringsAndObjects.csproj", "{DBC98F76-032A-4AB7-968F-2D1154BEF8DD}"
EndProject
Project("{FAE04EC0-301F-11D3-BF4B-00C04F79EFBC}") = "QuotesInStrings", "QuotesInStrings\QuotesInStrings.csproj", "{A9537D4E-F4A7-41AD-95BE-17676114D296}"
EndProject
Project("{FAE04EC0-301F-11D3-BF4B-00C04F79EFBC}") = "IsoscelesTriangle", "IsoscelesTriangle\IsoscelesTriangle.csproj", "{5DB8DFD8-F55E-49E7-8874-28EDA5AE2444}"
EndProject
Project("{FAE04EC0-301F-11D3-BF4B-00C04F79EFBC}") = "ExchangeVariableValues", "ExchangeVariableValues\ExchangeVariableValues.csproj", "{FA9E1275-F70B-4A2D-8DA2-3B426988F803}"
EndProject
Global
	GlobalSection(SolutionConfigurationPlatforms) = preSolution
		Debug|Any CPU = Debug|Any CPU
		Release|Any CPU = Release|Any CPU
	EndGlobalSection
	GlobalSection(ProjectConfigurationPlatforms) = postSolution
		{35B6932B-54F5-4327-AF10-36BE290EF3A1}.Debug|Any CPU.ActiveCfg = Debug|Any CPU
		{35B6932B-54F5-4327-AF10-36BE290EF3A1}.Debug|Any CPU.Build.0 = Debug|Any CPU
		{35B6932B-54F5-4327-AF10-36BE290EF3A1}.Release|Any CPU.ActiveCfg = Release|Any CPU
		{35B6932B-54F5-4327-AF10-36BE290EF3A1}.Release|Any CPU.Build.0 = Release|Any CPU
		{A1D0BFA1-5EDF-4F6F-9317-CAFC4B276FD2}.Debug|Any CPU.ActiveCfg = Debug|Any CPU
		{A1D0BFA1-5EDF-4F6F-9317-CAFC4B276FD2}.Debug|Any CPU.Build.0 = Debug|Any CPU
		{A1D0BFA1-5EDF-4F6F-9317-CAFC4B276FD2}.Release|Any CPU.ActiveCfg = Release|Any CPU
		{A1D0BFA1-5EDF-4F6F-9317-CAFC4B276FD2}.Release|Any CPU.Build.0 = Release|Any CPU
		{2361863B-28B4-4373-9058-4C1058FF9851}.Debug|Any CPU.ActiveCfg = Debug|Any CPU
		{2361863B-28B4-4373-9058-4C1058FF9851}.Debug|Any CPU.Build.0 = Debug|Any CPU
		{2361863B-28B4-4373-9058-4C1058FF9851}.Release|Any CPU.ActiveCfg = Release|Any CPU
		{2361863B-28B4-4373-9058-4C1058FF9851}.Release|Any CPU.Build.0 = Release|Any CPU
		{22A916FE-FF7B-4943-B9D9-115F72208478}.Debug|Any CPU.ActiveCfg = Debug|Any CPU
		{22A916FE-FF7B-4943-B9D9-115F72208478}.Debug|Any CPU.Build.0 = Debug|Any CPU
		{22A916FE-FF7B-4943-B9D9-115F72208478}.Release|Any CPU.ActiveCfg = Release|Any CPU
		{22A916FE-FF7B-4943-B9D9-115F72208478}.Release|Any CPU.Build.0 = Release|Any CPU
		{A9E0C002-78B9-40AD-9733-5CF1E76743B3}.Debug|Any CPU.ActiveCfg = Debug|Any CPU
		{A9E0C002-78B9-40AD-9733-5CF1E76743B3}.Debug|Any CPU.Build.0 = Debug|Any CPU
		{A9E0C002-78B9-40AD-9733-5CF1E76743B3}.Release|Any CPU.ActiveCfg = Release|Any CPU
		{A9E0C002-78B9-40AD-9733-5CF1E76743B3}.Release|Any CPU.Build.0 = Release|Any CPU
		{DBC98F76-032A-4AB7-968F-2D1154BEF8DD}.Debug|Any CPU.ActiveCfg = Debug|Any CPU
		{DBC98F76-032A-4AB7-968F-2D1154BEF8DD}.Debug|Any CPU.Build.0 = Debug|Any CPU
		{DBC98F76-032A-4AB7-968F-2D1154BEF8DD}.Release|Any CPU.ActiveCfg = Release|Any CPU
		{DBC98F76-032A-4AB7-968F-2D1154BEF8DD}.Release|Any CPU.Build.0 = Release|Any CPU
		{A9537D4E-F4A7-41AD-95BE-17676114D296}.Debug|Any CPU.ActiveCfg = Debug|Any CPU
		{A9537D4E-F4A7-41AD-95BE-17676114D296}.Debug|Any CPU.Build.0 = Debug|Any CPU
		{A9537D4E-F4A7-41AD-95BE-17676114D296}.Release|Any CPU.ActiveCfg = Release|Any CPU
		{A9537D4E-F4A7-41AD-95BE-17676114D296}.Release|Any CPU.Build.0 = Release|Any CPU
		{5DB8DFD8-F55E-49E7-8874-28EDA5AE2444}.Debug|Any CPU.ActiveCfg = Debug|Any CPU
		{5DB8DFD8-F55E-49E7-8874-28EDA5AE2444}.Debug|Any CPU.Build.0 = Debug|Any CPU
		{5DB8DFD8-F55E-49E7-8874-28EDA5AE2444}.Release|Any CPU.ActiveCfg = Release|Any CPU
		{5DB8DFD8-F55E-49E7-8874-28EDA5AE2444}.Release|Any CPU.Build.0 = Release|Any CPU
		{FA9E1275-F70B-4A2D-8DA2-3B426988F803}.Debug|Any CPU.ActiveCfg = Debug|Any CPU
		{FA9E1275-F70B-4A2D-8DA2-3B426988F803}.Debug|Any CPU.Build.0 = Debug|Any CPU
		{FA9E1275-F70B-4A2D-8DA2-3B426988F803}.Release|Any CPU.ActiveCfg = Release|Any CPU
		{FA9E1275-F70B-4A2D-8DA2-3B426988F803}.Release|Any CPU.Build.0 = Release|Any CPU
	EndGlobalSection
	GlobalSection(SolutionProperties) = preSolution
		HideSolutionNode = FALSE
	EndGlobalSection
	GlobalSection(ExtensibilityGlobals) = postSolution
		SolutionGuid = {99C858A8-CF1A-4E13-9BE3-7875DB6A82B6}
	EndGlobalSection
EndGlobal
